
Microsoft Visual Studio Solution File, Format Version 12.00
# Visual Studio Version 16
VisualStudioVersion = 16.0.29905.134
MinimumVisualStudioVersion = 10.0.40219.1
Project("{FAE04EC0-301F-11D3-BF4B-00C04F79EFBC}") = "ImageApp.Android", "ImageApp\ImageApp.Android\ImageApp.Android.csproj", "{C9710E29-0079-4365-B521-65111E7C337A}"
EndProject
Project("{FAE04EC0-301F-11D3-BF4B-00C04F79EFBC}") = "ImageApp.iOS", "ImageApp\ImageApp.iOS\ImageApp.iOS.csproj", "{3E2009F3-3424-4A4E-959A-DFF26E6D7875}"
EndProject
Project("{FAE04EC0-301F-11D3-BF4B-00C04F79EFBC}") = "ImageApp", "ImageApp\ImageApp\ImageApp.csproj", "{BDD5E1AD-9705-44A0-B29D-E41A322D403D}"
EndProject
Global
	GlobalSection(SolutionConfigurationPlatforms) = preSolution
		Debug|Any CPU = Debug|Any CPU
		Debug|iPhone = Debug|iPhone
		Debug|iPhoneSimulator = Debug|iPhoneSimulator
		Release|Any CPU = Release|Any CPU
		Release|iPhone = Release|iPhone
		Release|iPhoneSimulator = Release|iPhoneSimulator
	EndGlobalSection
	GlobalSection(ProjectConfigurationPlatforms) = postSolution
		{C9710E29-0079-4365-B521-65111E7C337A}.Debug|Any CPU.ActiveCfg = Debug|Any CPU
		{C9710E29-0079-4365-B521-65111E7C337A}.Debug|Any CPU.Build.0 = Debug|Any CPU
		{C9710E29-0079-4365-B521-65111E7C337A}.Debug|Any CPU.Deploy.0 = Debug|Any CPU
		{C9710E29-0079-4365-B521-65111E7C337A}.Debug|iPhone.ActiveCfg = Debug|Any CPU
		{C9710E29-0079-4365-B521-65111E7C337A}.Debug|iPhone.Build.0 = Debug|Any CPU
		{C9710E29-0079-4365-B521-65111E7C337A}.Debug|iPhone.Deploy.0 = Debug|Any CPU
		{C9710E29-0079-4365-B521-65111E7C337A}.Debug|iPhoneSimulator.ActiveCfg = Debug|Any CPU
		{C9710E29-0079-4365-B521-65111E7C337A}.Debug|iPhoneSimulator.Build.0 = Debug|Any CPU
		{C9710E29-0079-4365-B521-65111E7C337A}.Debug|iPhoneSimulator.Deploy.0 = Debug|Any CPU
		{C9710E29-0079-4365-B521-65111E7C337A}.Release|Any CPU.ActiveCfg = Release|Any CPU
		{C9710E29-0079-4365-B521-65111E7C337A}.Release|Any CPU.Build.0 = Release|Any CPU
		{C9710E29-0079-4365-B521-65111E7C337A}.Release|Any CPU.Deploy.0 = Release|Any CPU
		{C9710E29-0079-4365-B521-65111E7C337A}.Release|iPhone.ActiveCfg = Release|Any CPU
		{C9710E29-0079-4365-B521-65111E7C337A}.Release|iPhone.Build.0 = Release|Any CPU
		{C9710E29-0079-4365-B521-65111E7C337A}.Release|iPhone.Deploy.0 = Release|Any CPU
		{C9710E29-0079-4365-B521-65111E7C337A}.Release|iPhoneSimulator.ActiveCfg = Release|Any CPU
		{C9710E29-0079-4365-B521-65111E7C337A}.Release|iPhoneSimulator.Build.0 = Release|Any CPU
		{C9710E29-0079-4365-B521-65111E7C337A}.Release|iPhoneSimulator.Deploy.0 = Release|Any CPU
		{3E2009F3-3424-4A4E-959A-DFF26E6D7875}.Debug|Any CPU.ActiveCfg = Debug|iPhoneSimulator
		{3E2009F3-3424-4A4E-959A-DFF26E6D7875}.Debug|Any CPU.Build.0 = Debug|iPhoneSimulator
		{3E2009F3-3424-4A4E-959A-DFF26E6D7875}.Debug|Any CPU.Deploy.0 = Debug|iPhoneSimulator
		{3E2009F3-3424-4A4E-959A-DFF26E6D7875}.Debug|iPhone.ActiveCfg = Debug|iPhone
		{3E2009F3-3424-4A4E-959A-DFF26E6D7875}.Debug|iPhone.Build.0 = Debug|iPhone
		{3E2009F3-3424-4A4E-959A-DFF26E6D7875}.Debug|iPhone.Deploy.0 = Debug|iPhone
		{3E2009F3-3424-4A4E-959A-DFF26E6D7875}.Debug|iPhoneSimulator.ActiveCfg = Debug|iPhoneSimulator
		{3E2009F3-3424-4A4E-959A-DFF26E6D7875}.Debug|iPhoneSimulator.Build.0 = Debug|iPhoneSimulator
		{3E2009F3-3424-4A4E-959A-DFF26E6D7875}.Debug|iPhoneSimulator.Deploy.0 = Debug|iPhoneSimulator
		{3E2009F3-3424-4A4E-959A-DFF26E6D7875}.Release|Any CPU.ActiveCfg = Release|iPhone
		{3E2009F3-3424-4A4E-959A-DFF26E6D7875}.Release|Any CPU.Build.0 = Release|iPhone
		{3E2009F3-3424-4A4E-959A-DFF26E6D7875}.Release|Any CPU.Deploy.0 = Release|iPhone
		{3E2009F3-3424-4A4E-959A-DFF26E6D7875}.Release|iPhone.ActiveCfg = Release|iPhone
		{3E2009F3-3424-4A4E-959A-DFF26E6D7875}.Release|iPhone.Build.0 = Release|iPhone
		{3E2009F3-3424-4A4E-959A-DFF26E6D7875}.Release|iPhone.Deploy.0 = Release|iPhone
		{3E2009F3-3424-4A4E-959A-DFF26E6D7875}.Release|iPhoneSimulator.ActiveCfg = Release|iPhoneSimulator
		{3E2009F3-3424-4A4E-959A-DFF26E6D7875}.Release|iPhoneSimulator.Build.0 = Release|iPhoneSimulator
		{3E2009F3-3424-4A4E-959A-DFF26E6D7875}.Release|iPhoneSimulator.Deploy.0 = Release|iPhoneSimulator
		{BDD5E1AD-9705-44A0-B29D-E41A322D403D}.Debug|Any CPU.ActiveCfg = Debug|Any CPU
		{BDD5E1AD-9705-44A0-B29D-E41A322D403D}.Debug|Any CPU.Build.0 = Debug|Any CPU
		{BDD5E1AD-9705-44A0-B29D-E41A322D403D}.Debug|Any CPU.Deploy.0 = Debug|Any CPU
		{BDD5E1AD-9705-44A0-B29D-E41A322D403D}.Debug|iPhone.ActiveCfg = Debug|Any CPU
		{BDD5E1AD-9705-44A0-B29D-E41A322D403D}.Debug|iPhone.Build.0 = Debug|Any CPU
		{BDD5E1AD-9705-44A0-B29D-E41A322D403D}.Debug|iPhone.Deploy.0 = Debug|Any CPU
		{BDD5E1AD-9705-44A0-B29D-E41A322D403D}.Debug|iPhoneSimulator.ActiveCfg = Debug|Any CPU
		{BDD5E1AD-9705-44A0-B29D-E41A322D403D}.Debug|iPhoneSimulator.Build.0 = Debug|Any CPU
		{BDD5E1AD-9705-44A0-B29D-E41A322D403D}.Debug|iPhoneSimulator.Deploy.0 = Debug|Any CPU
		{BDD5E1AD-9705-44A0-B29D-E41A322D403D}.Release|Any CPU.ActiveCfg = Release|Any CPU
		{BDD5E1AD-9705-44A0-B29D-E41A322D403D}.Release|Any CPU.Build.0 = Release|Any CPU
		{BDD5E1AD-9705-44A0-B29D-E41A322D403D}.Release|Any CPU.Deploy.0 = Release|Any CPU
		{BDD5E1AD-9705-44A0-B29D-E41A322D403D}.Release|iPhone.ActiveCfg = Release|Any CPU
		{BDD5E1AD-9705-44A0-B29D-E41A322D403D}.Release|iPhone.Build.0 = Release|Any CPU
		{BDD5E1AD-9705-44A0-B29D-E41A322D403D}.Release|iPhone.Deploy.0 = Release|Any CPU
		{BDD5E1AD-9705-44A0-B29D-E41A322D403D}.Release|iPhoneSimulator.ActiveCfg = Release|Any CPU
		{BDD5E1AD-9705-44A0-B29D-E41A322D403D}.Release|iPhoneSimulator.Build.0 = Release|Any CPU
		{BDD5E1AD-9705-44A0-B29D-E41A322D403D}.Release|iPhoneSimulator.Deploy.0 = Release|Any CPU
	EndGlobalSection
	GlobalSection(SolutionProperties) = preSolution
		HideSolutionNode = FALSE
	EndGlobalSection
	GlobalSection(ExtensibilityGlobals) = postSolution
		SolutionGuid = {A05E950C-C1E1-4A1A-9604-310D6B8237AD}
	EndGlobalSection
EndGlobal
