
Microsoft Visual Studio Solution File, Format Version 12.00
# Visual Studio Version 16
VisualStudioVersion = 16.0.29926.136
MinimumVisualStudioVersion = 10.0.40219.1
Project("{FAE04EC0-301F-11D3-BF4B-00C04F79EFBC}") = "InterfaceApplication", "InterfaceApplication\InterfaceApplication.csproj", "{F9FEC362-DB10-4BF7-B41F-9C89B5B7A524}"
EndProject
Global
	GlobalSection(SolutionConfigurationPlatforms) = preSolution
		Debug|Any CPU = Debug|Any CPU
		Release|Any CPU = Release|Any CPU
	EndGlobalSection
	GlobalSection(ProjectConfigurationPlatforms) = postSolution
		{F9FEC362-DB10-4BF7-B41F-9C89B5B7A524}.Debug|Any CPU.ActiveCfg = Debug|Any CPU
		{F9FEC362-DB10-4BF7-B41F-9C89B5B7A524}.Debug|Any CPU.Build.0 = Debug|Any CPU
		{F9FEC362-DB10-4BF7-B41F-9C89B5B7A524}.Release|Any CPU.ActiveCfg = Release|Any CPU
		{F9FEC362-DB10-4BF7-B41F-9C89B5B7A524}.Release|Any CPU.Build.0 = Release|Any CPU
	EndGlobalSection
	GlobalSection(SolutionProperties) = preSolution
		HideSolutionNode = FALSE
	EndGlobalSection
	GlobalSection(ExtensibilityGlobals) = postSolution
		SolutionGuid = {E1EF3F05-F0C2-4058-B7C1-3302493D39B3}
	EndGlobalSection
EndGlobal
