
Microsoft Visual Studio Solution File, Format Version 12.00
# Visual Studio Version 16
VisualStudioVersion = 16.0.29905.134
MinimumVisualStudioVersion = 10.0.40219.1
Project("{FAE04EC0-301F-11D3-BF4B-00C04F79EFBC}") = "App2.Android", "App2\App2.Android\App2.Android.csproj", "{85B78332-67C1-4EEE-95C4-8A7719265ED6}"
EndProject
Project("{FAE04EC0-301F-11D3-BF4B-00C04F79EFBC}") = "App2.iOS", "App2\App2.iOS\App2.iOS.csproj", "{47EC9599-794C-45CF-B6BB-264C8786C114}"
EndProject
Project("{FAE04EC0-301F-11D3-BF4B-00C04F79EFBC}") = "App2", "App2\App2\App2.csproj", "{CBD527F8-69F0-4EEA-8658-1B0C07087FC1}"
EndProject
Global
	GlobalSection(SolutionConfigurationPlatforms) = preSolution
		Debug|Any CPU = Debug|Any CPU
		Debug|iPhone = Debug|iPhone
		Debug|iPhoneSimulator = Debug|iPhoneSimulator
		Release|Any CPU = Release|Any CPU
		Release|iPhone = Release|iPhone
		Release|iPhoneSimulator = Release|iPhoneSimulator
	EndGlobalSection
	GlobalSection(ProjectConfigurationPlatforms) = postSolution
		{85B78332-67C1-4EEE-95C4-8A7719265ED6}.Debug|Any CPU.ActiveCfg = Debug|Any CPU
		{85B78332-67C1-4EEE-95C4-8A7719265ED6}.Debug|Any CPU.Build.0 = Debug|Any CPU
		{85B78332-67C1-4EEE-95C4-8A7719265ED6}.Debug|Any CPU.Deploy.0 = Debug|Any CPU
		{85B78332-67C1-4EEE-95C4-8A7719265ED6}.Debug|iPhone.ActiveCfg = Debug|Any CPU
		{85B78332-67C1-4EEE-95C4-8A7719265ED6}.Debug|iPhone.Build.0 = Debug|Any CPU
		{85B78332-67C1-4EEE-95C4-8A7719265ED6}.Debug|iPhone.Deploy.0 = Debug|Any CPU
		{85B78332-67C1-4EEE-95C4-8A7719265ED6}.Debug|iPhoneSimulator.ActiveCfg = Debug|Any CPU
		{85B78332-67C1-4EEE-95C4-8A7719265ED6}.Debug|iPhoneSimulator.Build.0 = Debug|Any CPU
		{85B78332-67C1-4EEE-95C4-8A7719265ED6}.Debug|iPhoneSimulator.Deploy.0 = Debug|Any CPU
		{85B78332-67C1-4EEE-95C4-8A7719265ED6}.Release|Any CPU.ActiveCfg = Release|Any CPU
		{85B78332-67C1-4EEE-95C4-8A7719265ED6}.Release|Any CPU.Build.0 = Release|Any CPU
		{85B78332-67C1-4EEE-95C4-8A7719265ED6}.Release|Any CPU.Deploy.0 = Release|Any CPU
		{85B78332-67C1-4EEE-95C4-8A7719265ED6}.Release|iPhone.ActiveCfg = Release|Any CPU
		{85B78332-67C1-4EEE-95C4-8A7719265ED6}.Release|iPhone.Build.0 = Release|Any CPU
		{85B78332-67C1-4EEE-95C4-8A7719265ED6}.Release|iPhone.Deploy.0 = Release|Any CPU
		{85B78332-67C1-4EEE-95C4-8A7719265ED6}.Release|iPhoneSimulator.ActiveCfg = Release|Any CPU
		{85B78332-67C1-4EEE-95C4-8A7719265ED6}.Release|iPhoneSimulator.Build.0 = Release|Any CPU
		{85B78332-67C1-4EEE-95C4-8A7719265ED6}.Release|iPhoneSimulator.Deploy.0 = Release|Any CPU
		{47EC9599-794C-45CF-B6BB-264C8786C114}.Debug|Any CPU.ActiveCfg = Debug|iPhoneSimulator
		{47EC9599-794C-45CF-B6BB-264C8786C114}.Debug|Any CPU.Build.0 = Debug|iPhoneSimulator
		{47EC9599-794C-45CF-B6BB-264C8786C114}.Debug|Any CPU.Deploy.0 = Debug|iPhoneSimulator
		{47EC9599-794C-45CF-B6BB-264C8786C114}.Debug|iPhone.ActiveCfg = Debug|iPhone
		{47EC9599-794C-45CF-B6BB-264C8786C114}.Debug|iPhone.Build.0 = Debug|iPhone
		{47EC9599-794C-45CF-B6BB-264C8786C114}.Debug|iPhone.Deploy.0 = Debug|iPhone
		{47EC9599-794C-45CF-B6BB-264C8786C114}.Debug|iPhoneSimulator.ActiveCfg = Debug|iPhoneSimulator
		{47EC9599-794C-45CF-B6BB-264C8786C114}.Debug|iPhoneSimulator.Build.0 = Debug|iPhoneSimulator
		{47EC9599-794C-45CF-B6BB-264C8786C114}.Debug|iPhoneSimulator.Deploy.0 = Debug|iPhoneSimulator
		{47EC9599-794C-45CF-B6BB-264C8786C114}.Release|Any CPU.ActiveCfg = Release|iPhone
		{47EC9599-794C-45CF-B6BB-264C8786C114}.Release|Any CPU.Build.0 = Release|iPhone
		{47EC9599-794C-45CF-B6BB-264C8786C114}.Release|Any CPU.Deploy.0 = Release|iPhone
		{47EC9599-794C-45CF-B6BB-264C8786C114}.Release|iPhone.ActiveCfg = Release|iPhone
		{47EC9599-794C-45CF-B6BB-264C8786C114}.Release|iPhone.Build.0 = Release|iPhone
		{47EC9599-794C-45CF-B6BB-264C8786C114}.Release|iPhone.Deploy.0 = Release|iPhone
		{47EC9599-794C-45CF-B6BB-264C8786C114}.Release|iPhoneSimulator.ActiveCfg = Release|iPhoneSimulator
		{47EC9599-794C-45CF-B6BB-264C8786C114}.Release|iPhoneSimulator.Build.0 = Release|iPhoneSimulator
		{47EC9599-794C-45CF-B6BB-264C8786C114}.Release|iPhoneSimulator.Deploy.0 = Release|iPhoneSimulator
		{CBD527F8-69F0-4EEA-8658-1B0C07087FC1}.Debug|Any CPU.ActiveCfg = Debug|Any CPU
		{CBD527F8-69F0-4EEA-8658-1B0C07087FC1}.Debug|Any CPU.Build.0 = Debug|Any CPU
		{CBD527F8-69F0-4EEA-8658-1B0C07087FC1}.Debug|Any CPU.Deploy.0 = Debug|Any CPU
		{CBD527F8-69F0-4EEA-8658-1B0C07087FC1}.Debug|iPhone.ActiveCfg = Debug|Any CPU
		{CBD527F8-69F0-4EEA-8658-1B0C07087FC1}.Debug|iPhone.Build.0 = Debug|Any CPU
		{CBD527F8-69F0-4EEA-8658-1B0C07087FC1}.Debug|iPhone.Deploy.0 = Debug|Any CPU
		{CBD527F8-69F0-4EEA-8658-1B0C07087FC1}.Debug|iPhoneSimulator.ActiveCfg = Debug|Any CPU
		{CBD527F8-69F0-4EEA-8658-1B0C07087FC1}.Debug|iPhoneSimulator.Build.0 = Debug|Any CPU
		{CBD527F8-69F0-4EEA-8658-1B0C07087FC1}.Debug|iPhoneSimulator.Deploy.0 = Debug|Any CPU
		{CBD527F8-69F0-4EEA-8658-1B0C07087FC1}.Release|Any CPU.ActiveCfg = Release|Any CPU
		{CBD527F8-69F0-4EEA-8658-1B0C07087FC1}.Release|Any CPU.Build.0 = Release|Any CPU
		{CBD527F8-69F0-4EEA-8658-1B0C07087FC1}.Release|Any CPU.Deploy.0 = Release|Any CPU
		{CBD527F8-69F0-4EEA-8658-1B0C07087FC1}.Release|iPhone.ActiveCfg = Release|Any CPU
		{CBD527F8-69F0-4EEA-8658-1B0C07087FC1}.Release|iPhone.Build.0 = Release|Any CPU
		{CBD527F8-69F0-4EEA-8658-1B0C07087FC1}.Release|iPhone.Deploy.0 = Release|Any CPU
		{CBD527F8-69F0-4EEA-8658-1B0C07087FC1}.Release|iPhoneSimulator.ActiveCfg = Release|Any CPU
		{CBD527F8-69F0-4EEA-8658-1B0C07087FC1}.Release|iPhoneSimulator.Build.0 = Release|Any CPU
		{CBD527F8-69F0-4EEA-8658-1B0C07087FC1}.Release|iPhoneSimulator.Deploy.0 = Release|Any CPU
	EndGlobalSection
	GlobalSection(SolutionProperties) = preSolution
		HideSolutionNode = FALSE
	EndGlobalSection
	GlobalSection(ExtensibilityGlobals) = postSolution
		SolutionGuid = {0F5DA2C2-E78C-45B8-A92F-499D8F03A9FD}
	EndGlobalSection
EndGlobal
