
Microsoft Visual Studio Solution File, Format Version 12.00
# Visual Studio Version 16
VisualStudioVersion = 16.0.29926.136
MinimumVisualStudioVersion = 10.0.40219.1
Project("{FAE04EC0-301F-11D3-BF4B-00C04F79EFBC}") = "MvvmDemo.UWP", "MvvmDemo\MvvmDemo.UWP\MvvmDemo.UWP.csproj", "{A6365B15-485C-4AEB-A015-9906622DDB30}"
EndProject
Project("{FAE04EC0-301F-11D3-BF4B-00C04F79EFBC}") = "MvvmDemo.Android", "MvvmDemo\MvvmDemo.Android\MvvmDemo.Android.csproj", "{3386280A-81DA-4D32-B6F1-37C62EC5A803}"
EndProject
Project("{FAE04EC0-301F-11D3-BF4B-00C04F79EFBC}") = "MvvmDemo.iOS", "MvvmDemo\MvvmDemo.iOS\MvvmDemo.iOS.csproj", "{60C51BAD-BE97-45C9-976C-2CD505074624}"
EndProject
Project("{FAE04EC0-301F-11D3-BF4B-00C04F79EFBC}") = "MvvmDemo", "MvvmDemo\MvvmDemo\MvvmDemo.csproj", "{C869D372-1832-4BD4-A202-5E217EBE007F}"
EndProject
Global
	GlobalSection(SolutionConfigurationPlatforms) = preSolution
		Debug|Any CPU = Debug|Any CPU
		Debug|ARM = Debug|ARM
		Debug|iPhone = Debug|iPhone
		Debug|iPhoneSimulator = Debug|iPhoneSimulator
		Debug|x64 = Debug|x64
		Debug|x86 = Debug|x86
		Release|Any CPU = Release|Any CPU
		Release|ARM = Release|ARM
		Release|iPhone = Release|iPhone
		Release|iPhoneSimulator = Release|iPhoneSimulator
		Release|x64 = Release|x64
		Release|x86 = Release|x86
	EndGlobalSection
	GlobalSection(ProjectConfigurationPlatforms) = postSolution
		{A6365B15-485C-4AEB-A015-9906622DDB30}.Debug|Any CPU.ActiveCfg = Debug|x86
		{A6365B15-485C-4AEB-A015-9906622DDB30}.Debug|Any CPU.Build.0 = Debug|x86
		{A6365B15-485C-4AEB-A015-9906622DDB30}.Debug|Any CPU.Deploy.0 = Debug|x86
		{A6365B15-485C-4AEB-A015-9906622DDB30}.Debug|ARM.ActiveCfg = Debug|ARM
		{A6365B15-485C-4AEB-A015-9906622DDB30}.Debug|ARM.Build.0 = Debug|ARM
		{A6365B15-485C-4AEB-A015-9906622DDB30}.Debug|ARM.Deploy.0 = Debug|ARM
		{A6365B15-485C-4AEB-A015-9906622DDB30}.Debug|iPhone.ActiveCfg = Debug|x86
		{A6365B15-485C-4AEB-A015-9906622DDB30}.Debug|iPhone.Build.0 = Debug|x86
		{A6365B15-485C-4AEB-A015-9906622DDB30}.Debug|iPhone.Deploy.0 = Debug|x86
		{A6365B15-485C-4AEB-A015-9906622DDB30}.Debug|iPhoneSimulator.ActiveCfg = Debug|x86
		{A6365B15-485C-4AEB-A015-9906622DDB30}.Debug|iPhoneSimulator.Build.0 = Debug|x86
		{A6365B15-485C-4AEB-A015-9906622DDB30}.Debug|iPhoneSimulator.Deploy.0 = Debug|x86
		{A6365B15-485C-4AEB-A015-9906622DDB30}.Debug|x64.ActiveCfg = Debug|x64
		{A6365B15-485C-4AEB-A015-9906622DDB30}.Debug|x64.Build.0 = Debug|x64
		{A6365B15-485C-4AEB-A015-9906622DDB30}.Debug|x64.Deploy.0 = Debug|x64
		{A6365B15-485C-4AEB-A015-9906622DDB30}.Debug|x86.ActiveCfg = Debug|x86
		{A6365B15-485C-4AEB-A015-9906622DDB30}.Debug|x86.Build.0 = Debug|x86
		{A6365B15-485C-4AEB-A015-9906622DDB30}.Debug|x86.Deploy.0 = Debug|x86
		{A6365B15-485C-4AEB-A015-9906622DDB30}.Release|Any CPU.ActiveCfg = Release|x86
		{A6365B15-485C-4AEB-A015-9906622DDB30}.Release|Any CPU.Build.0 = Release|x86
		{A6365B15-485C-4AEB-A015-9906622DDB30}.Release|Any CPU.Deploy.0 = Release|x86
		{A6365B15-485C-4AEB-A015-9906622DDB30}.Release|ARM.ActiveCfg = Release|ARM
		{A6365B15-485C-4AEB-A015-9906622DDB30}.Release|ARM.Build.0 = Release|ARM
		{A6365B15-485C-4AEB-A015-9906622DDB30}.Release|ARM.Deploy.0 = Release|ARM
		{A6365B15-485C-4AEB-A015-9906622DDB30}.Release|iPhone.ActiveCfg = Release|x86
		{A6365B15-485C-4AEB-A015-9906622DDB30}.Release|iPhone.Build.0 = Release|x86
		{A6365B15-485C-4AEB-A015-9906622DDB30}.Release|iPhone.Deploy.0 = Release|x86
		{A6365B15-485C-4AEB-A015-9906622DDB30}.Release|iPhoneSimulator.ActiveCfg = Release|x86
		{A6365B15-485C-4AEB-A015-9906622DDB30}.Release|iPhoneSimulator.Build.0 = Release|x86
		{A6365B15-485C-4AEB-A015-9906622DDB30}.Release|iPhoneSimulator.Deploy.0 = Release|x86
		{A6365B15-485C-4AEB-A015-9906622DDB30}.Release|x64.ActiveCfg = Release|x64
		{A6365B15-485C-4AEB-A015-9906622DDB30}.Release|x64.Build.0 = Release|x64
		{A6365B15-485C-4AEB-A015-9906622DDB30}.Release|x64.Deploy.0 = Release|x64
		{A6365B15-485C-4AEB-A015-9906622DDB30}.Release|x86.ActiveCfg = Release|x86
		{A6365B15-485C-4AEB-A015-9906622DDB30}.Release|x86.Build.0 = Release|x86
		{A6365B15-485C-4AEB-A015-9906622DDB30}.Release|x86.Deploy.0 = Release|x86
		{3386280A-81DA-4D32-B6F1-37C62EC5A803}.Debug|Any CPU.ActiveCfg = Debug|Any CPU
		{3386280A-81DA-4D32-B6F1-37C62EC5A803}.Debug|Any CPU.Build.0 = Debug|Any CPU
		{3386280A-81DA-4D32-B6F1-37C62EC5A803}.Debug|Any CPU.Deploy.0 = Debug|Any CPU
		{3386280A-81DA-4D32-B6F1-37C62EC5A803}.Debug|ARM.ActiveCfg = Debug|Any CPU
		{3386280A-81DA-4D32-B6F1-37C62EC5A803}.Debug|ARM.Build.0 = Debug|Any CPU
		{3386280A-81DA-4D32-B6F1-37C62EC5A803}.Debug|ARM.Deploy.0 = Debug|Any CPU
		{3386280A-81DA-4D32-B6F1-37C62EC5A803}.Debug|iPhone.ActiveCfg = Debug|Any CPU
		{3386280A-81DA-4D32-B6F1-37C62EC5A803}.Debug|iPhone.Build.0 = Debug|Any CPU
		{3386280A-81DA-4D32-B6F1-37C62EC5A803}.Debug|iPhone.Deploy.0 = Debug|Any CPU
		{3386280A-81DA-4D32-B6F1-37C62EC5A803}.Debug|iPhoneSimulator.ActiveCfg = Debug|Any CPU
		{3386280A-81DA-4D32-B6F1-37C62EC5A803}.Debug|iPhoneSimulator.Build.0 = Debug|Any CPU
		{3386280A-81DA-4D32-B6F1-37C62EC5A803}.Debug|iPhoneSimulator.Deploy.0 = Debug|Any CPU
		{3386280A-81DA-4D32-B6F1-37C62EC5A803}.Debug|x64.ActiveCfg = Debug|Any CPU
		{3386280A-81DA-4D32-B6F1-37C62EC5A803}.Debug|x64.Build.0 = Debug|Any CPU
		{3386280A-81DA-4D32-B6F1-37C62EC5A803}.Debug|x64.Deploy.0 = Debug|Any CPU
		{3386280A-81DA-4D32-B6F1-37C62EC5A803}.Debug|x86.ActiveCfg = Debug|Any CPU
		{3386280A-81DA-4D32-B6F1-37C62EC5A803}.Debug|x86.Build.0 = Debug|Any CPU
		{3386280A-81DA-4D32-B6F1-37C62EC5A803}.Debug|x86.Deploy.0 = Debug|Any CPU
		{3386280A-81DA-4D32-B6F1-37C62EC5A803}.Release|Any CPU.ActiveCfg = Release|Any CPU
		{3386280A-81DA-4D32-B6F1-37C62EC5A803}.Release|Any CPU.Build.0 = Release|Any CPU
		{3386280A-81DA-4D32-B6F1-37C62EC5A803}.Release|Any CPU.Deploy.0 = Release|Any CPU
		{3386280A-81DA-4D32-B6F1-37C62EC5A803}.Release|ARM.ActiveCfg = Release|Any CPU
		{3386280A-81DA-4D32-B6F1-37C62EC5A803}.Release|ARM.Build.0 = Release|Any CPU
		{3386280A-81DA-4D32-B6F1-37C62EC5A803}.Release|ARM.Deploy.0 = Release|Any CPU
		{3386280A-81DA-4D32-B6F1-37C62EC5A803}.Release|iPhone.ActiveCfg = Release|Any CPU
		{3386280A-81DA-4D32-B6F1-37C62EC5A803}.Release|iPhone.Build.0 = Release|Any CPU
		{3386280A-81DA-4D32-B6F1-37C62EC5A803}.Release|iPhone.Deploy.0 = Release|Any CPU
		{3386280A-81DA-4D32-B6F1-37C62EC5A803}.Release|iPhoneSimulator.ActiveCfg = Release|Any CPU
		{3386280A-81DA-4D32-B6F1-37C62EC5A803}.Release|iPhoneSimulator.Build.0 = Release|Any CPU
		{3386280A-81DA-4D32-B6F1-37C62EC5A803}.Release|iPhoneSimulator.Deploy.0 = Release|Any CPU
		{3386280A-81DA-4D32-B6F1-37C62EC5A803}.Release|x64.ActiveCfg = Release|Any CPU
		{3386280A-81DA-4D32-B6F1-37C62EC5A803}.Release|x64.Build.0 = Release|Any CPU
		{3386280A-81DA-4D32-B6F1-37C62EC5A803}.Release|x64.Deploy.0 = Release|Any CPU
		{3386280A-81DA-4D32-B6F1-37C62EC5A803}.Release|x86.ActiveCfg = Release|Any CPU
		{3386280A-81DA-4D32-B6F1-37C62EC5A803}.Release|x86.Build.0 = Release|Any CPU
		{3386280A-81DA-4D32-B6F1-37C62EC5A803}.Release|x86.Deploy.0 = Release|Any CPU
		{60C51BAD-BE97-45C9-976C-2CD505074624}.Debug|Any CPU.ActiveCfg = Debug|iPhone
		{60C51BAD-BE97-45C9-976C-2CD505074624}.Debug|Any CPU.Build.0 = Debug|iPhone
		{60C51BAD-BE97-45C9-976C-2CD505074624}.Debug|Any CPU.Deploy.0 = Debug|iPhone
		{60C51BAD-BE97-45C9-976C-2CD505074624}.Debug|ARM.ActiveCfg = Debug|iPhone
		{60C51BAD-BE97-45C9-976C-2CD505074624}.Debug|ARM.Build.0 = Debug|iPhone
		{60C51BAD-BE97-45C9-976C-2CD505074624}.Debug|ARM.Deploy.0 = Debug|iPhone
		{60C51BAD-BE97-45C9-976C-2CD505074624}.Debug|iPhone.ActiveCfg = Debug|iPhone
		{60C51BAD-BE97-45C9-976C-2CD505074624}.Debug|iPhone.Build.0 = Debug|iPhone
		{60C51BAD-BE97-45C9-976C-2CD505074624}.Debug|iPhone.Deploy.0 = Debug|iPhone
		{60C51BAD-BE97-45C9-976C-2CD505074624}.Debug|iPhoneSimulator.ActiveCfg = Debug|iPhoneSimulator
		{60C51BAD-BE97-45C9-976C-2CD505074624}.Debug|iPhoneSimulator.Build.0 = Debug|iPhoneSimulator
		{60C51BAD-BE97-45C9-976C-2CD505074624}.Debug|iPhoneSimulator.Deploy.0 = Debug|iPhoneSimulator
		{60C51BAD-BE97-45C9-976C-2CD505074624}.Debug|x64.ActiveCfg = Debug|iPhone
		{60C51BAD-BE97-45C9-976C-2CD505074624}.Debug|x64.Build.0 = Debug|iPhone
		{60C51BAD-BE97-45C9-976C-2CD505074624}.Debug|x64.Deploy.0 = Debug|iPhone
		{60C51BAD-BE97-45C9-976C-2CD505074624}.Debug|x86.ActiveCfg = Debug|iPhone
		{60C51BAD-BE97-45C9-976C-2CD505074624}.Debug|x86.Build.0 = Debug|iPhone
		{60C51BAD-BE97-45C9-976C-2CD505074624}.Debug|x86.Deploy.0 = Debug|iPhone
		{60C51BAD-BE97-45C9-976C-2CD505074624}.Release|Any CPU.ActiveCfg = Release|iPhone
		{60C51BAD-BE97-45C9-976C-2CD505074624}.Release|Any CPU.Build.0 = Release|iPhone
		{60C51BAD-BE97-45C9-976C-2CD505074624}.Release|Any CPU.Deploy.0 = Release|iPhone
		{60C51BAD-BE97-45C9-976C-2CD505074624}.Release|ARM.ActiveCfg = Release|iPhone
		{60C51BAD-BE97-45C9-976C-2CD505074624}.Release|ARM.Build.0 = Release|iPhone
		{60C51BAD-BE97-45C9-976C-2CD505074624}.Release|ARM.Deploy.0 = Release|iPhone
		{60C51BAD-BE97-45C9-976C-2CD505074624}.Release|iPhone.ActiveCfg = Release|iPhone
		{60C51BAD-BE97-45C9-976C-2CD505074624}.Release|iPhone.Build.0 = Release|iPhone
		{60C51BAD-BE97-45C9-976C-2CD505074624}.Release|iPhone.Deploy.0 = Release|iPhone
		{60C51BAD-BE97-45C9-976C-2CD505074624}.Release|iPhoneSimulator.ActiveCfg = Release|iPhoneSimulator
		{60C51BAD-BE97-45C9-976C-2CD505074624}.Release|iPhoneSimulator.Build.0 = Release|iPhoneSimulator
		{60C51BAD-BE97-45C9-976C-2CD505074624}.Release|iPhoneSimulator.Deploy.0 = Release|iPhoneSimulator
		{60C51BAD-BE97-45C9-976C-2CD505074624}.Release|x64.ActiveCfg = Release|iPhone
		{60C51BAD-BE97-45C9-976C-2CD505074624}.Release|x64.Build.0 = Release|iPhone
		{60C51BAD-BE97-45C9-976C-2CD505074624}.Release|x64.Deploy.0 = Release|iPhone
		{60C51BAD-BE97-45C9-976C-2CD505074624}.Release|x86.ActiveCfg = Release|iPhone
		{60C51BAD-BE97-45C9-976C-2CD505074624}.Release|x86.Build.0 = Release|iPhone
		{60C51BAD-BE97-45C9-976C-2CD505074624}.Release|x86.Deploy.0 = Release|iPhone
		{C869D372-1832-4BD4-A202-5E217EBE007F}.Debug|Any CPU.ActiveCfg = Debug|Any CPU
		{C869D372-1832-4BD4-A202-5E217EBE007F}.Debug|Any CPU.Build.0 = Debug|Any CPU
		{C869D372-1832-4BD4-A202-5E217EBE007F}.Debug|Any CPU.Deploy.0 = Debug|Any CPU
		{C869D372-1832-4BD4-A202-5E217EBE007F}.Debug|ARM.ActiveCfg = Debug|Any CPU
		{C869D372-1832-4BD4-A202-5E217EBE007F}.Debug|ARM.Build.0 = Debug|Any CPU
		{C869D372-1832-4BD4-A202-5E217EBE007F}.Debug|ARM.Deploy.0 = Debug|Any CPU
		{C869D372-1832-4BD4-A202-5E217EBE007F}.Debug|iPhone.ActiveCfg = Debug|Any CPU
		{C869D372-1832-4BD4-A202-5E217EBE007F}.Debug|iPhone.Build.0 = Debug|Any CPU
		{C869D372-1832-4BD4-A202-5E217EBE007F}.Debug|iPhone.Deploy.0 = Debug|Any CPU
		{C869D372-1832-4BD4-A202-5E217EBE007F}.Debug|iPhoneSimulator.ActiveCfg = Debug|Any CPU
		{C869D372-1832-4BD4-A202-5E217EBE007F}.Debug|iPhoneSimulator.Build.0 = Debug|Any CPU
		{C869D372-1832-4BD4-A202-5E217EBE007F}.Debug|iPhoneSimulator.Deploy.0 = Debug|Any CPU
		{C869D372-1832-4BD4-A202-5E217EBE007F}.Debug|x64.ActiveCfg = Debug|Any CPU
		{C869D372-1832-4BD4-A202-5E217EBE007F}.Debug|x64.Build.0 = Debug|Any CPU
		{C869D372-1832-4BD4-A202-5E217EBE007F}.Debug|x64.Deploy.0 = Debug|Any CPU
		{C869D372-1832-4BD4-A202-5E217EBE007F}.Debug|x86.ActiveCfg = Debug|Any CPU
		{C869D372-1832-4BD4-A202-5E217EBE007F}.Debug|x86.Build.0 = Debug|Any CPU
		{C869D372-1832-4BD4-A202-5E217EBE007F}.Debug|x86.Deploy.0 = Debug|Any CPU
		{C869D372-1832-4BD4-A202-5E217EBE007F}.Release|Any CPU.ActiveCfg = Release|Any CPU
		{C869D372-1832-4BD4-A202-5E217EBE007F}.Release|Any CPU.Build.0 = Release|Any CPU
		{C869D372-1832-4BD4-A202-5E217EBE007F}.Release|Any CPU.Deploy.0 = Release|Any CPU
		{C869D372-1832-4BD4-A202-5E217EBE007F}.Release|ARM.ActiveCfg = Release|Any CPU
		{C869D372-1832-4BD4-A202-5E217EBE007F}.Release|ARM.Build.0 = Release|Any CPU
		{C869D372-1832-4BD4-A202-5E217EBE007F}.Release|ARM.Deploy.0 = Release|Any CPU
		{C869D372-1832-4BD4-A202-5E217EBE007F}.Release|iPhone.ActiveCfg = Release|Any CPU
		{C869D372-1832-4BD4-A202-5E217EBE007F}.Release|iPhone.Build.0 = Release|Any CPU
		{C869D372-1832-4BD4-A202-5E217EBE007F}.Release|iPhone.Deploy.0 = Release|Any CPU
		{C869D372-1832-4BD4-A202-5E217EBE007F}.Release|iPhoneSimulator.ActiveCfg = Release|Any CPU
		{C869D372-1832-4BD4-A202-5E217EBE007F}.Release|iPhoneSimulator.Build.0 = Release|Any CPU
		{C869D372-1832-4BD4-A202-5E217EBE007F}.Release|iPhoneSimulator.Deploy.0 = Release|Any CPU
		{C869D372-1832-4BD4-A202-5E217EBE007F}.Release|x64.ActiveCfg = Release|Any CPU
		{C869D372-1832-4BD4-A202-5E217EBE007F}.Release|x64.Build.0 = Release|Any CPU
		{C869D372-1832-4BD4-A202-5E217EBE007F}.Release|x64.Deploy.0 = Release|Any CPU
		{C869D372-1832-4BD4-A202-5E217EBE007F}.Release|x86.ActiveCfg = Release|Any CPU
		{C869D372-1832-4BD4-A202-5E217EBE007F}.Release|x86.Build.0 = Release|Any CPU
		{C869D372-1832-4BD4-A202-5E217EBE007F}.Release|x86.Deploy.0 = Release|Any CPU
	EndGlobalSection
	GlobalSection(SolutionProperties) = preSolution
		HideSolutionNode = FALSE
	EndGlobalSection
	GlobalSection(ExtensibilityGlobals) = postSolution
		SolutionGuid = {9E153249-F877-430F-9FF3-082B72769BCC}
	EndGlobalSection
EndGlobal
