
Microsoft Visual Studio Solution File, Format Version 12.00
# Visual Studio Version 16
VisualStudioVersion = 16.0.29905.134
MinimumVisualStudioVersion = 10.0.40219.1
Project("{FAE04EC0-301F-11D3-BF4B-00C04F79EFBC}") = "App1.Android", "App1\App1.Android\App1.Android.csproj", "{ECFD729A-520C-43AA-8965-C806590FA7EC}"
EndProject
Project("{FAE04EC0-301F-11D3-BF4B-00C04F79EFBC}") = "App1.iOS", "App1\App1.iOS\App1.iOS.csproj", "{032F914A-F259-42A0-A5ED-5A43CB946875}"
EndProject
Project("{FAE04EC0-301F-11D3-BF4B-00C04F79EFBC}") = "App1", "App1\App1\App1.csproj", "{8F930685-67F0-4C1D-B18A-067812FF586B}"
EndProject
Global
	GlobalSection(SolutionConfigurationPlatforms) = preSolution
		Debug|Any CPU = Debug|Any CPU
		Debug|iPhone = Debug|iPhone
		Debug|iPhoneSimulator = Debug|iPhoneSimulator
		Release|Any CPU = Release|Any CPU
		Release|iPhone = Release|iPhone
		Release|iPhoneSimulator = Release|iPhoneSimulator
	EndGlobalSection
	GlobalSection(ProjectConfigurationPlatforms) = postSolution
		{ECFD729A-520C-43AA-8965-C806590FA7EC}.Debug|Any CPU.ActiveCfg = Debug|Any CPU
		{ECFD729A-520C-43AA-8965-C806590FA7EC}.Debug|Any CPU.Build.0 = Debug|Any CPU
		{ECFD729A-520C-43AA-8965-C806590FA7EC}.Debug|Any CPU.Deploy.0 = Debug|Any CPU
		{ECFD729A-520C-43AA-8965-C806590FA7EC}.Debug|iPhone.ActiveCfg = Debug|Any CPU
		{ECFD729A-520C-43AA-8965-C806590FA7EC}.Debug|iPhone.Build.0 = Debug|Any CPU
		{ECFD729A-520C-43AA-8965-C806590FA7EC}.Debug|iPhone.Deploy.0 = Debug|Any CPU
		{ECFD729A-520C-43AA-8965-C806590FA7EC}.Debug|iPhoneSimulator.ActiveCfg = Debug|Any CPU
		{ECFD729A-520C-43AA-8965-C806590FA7EC}.Debug|iPhoneSimulator.Build.0 = Debug|Any CPU
		{ECFD729A-520C-43AA-8965-C806590FA7EC}.Debug|iPhoneSimulator.Deploy.0 = Debug|Any CPU
		{ECFD729A-520C-43AA-8965-C806590FA7EC}.Release|Any CPU.ActiveCfg = Release|Any CPU
		{ECFD729A-520C-43AA-8965-C806590FA7EC}.Release|Any CPU.Build.0 = Release|Any CPU
		{ECFD729A-520C-43AA-8965-C806590FA7EC}.Release|Any CPU.Deploy.0 = Release|Any CPU
		{ECFD729A-520C-43AA-8965-C806590FA7EC}.Release|iPhone.ActiveCfg = Release|Any CPU
		{ECFD729A-520C-43AA-8965-C806590FA7EC}.Release|iPhone.Build.0 = Release|Any CPU
		{ECFD729A-520C-43AA-8965-C806590FA7EC}.Release|iPhone.Deploy.0 = Release|Any CPU
		{ECFD729A-520C-43AA-8965-C806590FA7EC}.Release|iPhoneSimulator.ActiveCfg = Release|Any CPU
		{ECFD729A-520C-43AA-8965-C806590FA7EC}.Release|iPhoneSimulator.Build.0 = Release|Any CPU
		{ECFD729A-520C-43AA-8965-C806590FA7EC}.Release|iPhoneSimulator.Deploy.0 = Release|Any CPU
		{032F914A-F259-42A0-A5ED-5A43CB946875}.Debug|Any CPU.ActiveCfg = Debug|iPhoneSimulator
		{032F914A-F259-42A0-A5ED-5A43CB946875}.Debug|Any CPU.Build.0 = Debug|iPhoneSimulator
		{032F914A-F259-42A0-A5ED-5A43CB946875}.Debug|Any CPU.Deploy.0 = Debug|iPhoneSimulator
		{032F914A-F259-42A0-A5ED-5A43CB946875}.Debug|iPhone.ActiveCfg = Debug|iPhone
		{032F914A-F259-42A0-A5ED-5A43CB946875}.Debug|iPhone.Build.0 = Debug|iPhone
		{032F914A-F259-42A0-A5ED-5A43CB946875}.Debug|iPhone.Deploy.0 = Debug|iPhone
		{032F914A-F259-42A0-A5ED-5A43CB946875}.Debug|iPhoneSimulator.ActiveCfg = Debug|iPhoneSimulator
		{032F914A-F259-42A0-A5ED-5A43CB946875}.Debug|iPhoneSimulator.Build.0 = Debug|iPhoneSimulator
		{032F914A-F259-42A0-A5ED-5A43CB946875}.Debug|iPhoneSimulator.Deploy.0 = Debug|iPhoneSimulator
		{032F914A-F259-42A0-A5ED-5A43CB946875}.Release|Any CPU.ActiveCfg = Release|iPhone
		{032F914A-F259-42A0-A5ED-5A43CB946875}.Release|Any CPU.Build.0 = Release|iPhone
		{032F914A-F259-42A0-A5ED-5A43CB946875}.Release|Any CPU.Deploy.0 = Release|iPhone
		{032F914A-F259-42A0-A5ED-5A43CB946875}.Release|iPhone.ActiveCfg = Release|iPhone
		{032F914A-F259-42A0-A5ED-5A43CB946875}.Release|iPhone.Build.0 = Release|iPhone
		{032F914A-F259-42A0-A5ED-5A43CB946875}.Release|iPhone.Deploy.0 = Release|iPhone
		{032F914A-F259-42A0-A5ED-5A43CB946875}.Release|iPhoneSimulator.ActiveCfg = Release|iPhoneSimulator
		{032F914A-F259-42A0-A5ED-5A43CB946875}.Release|iPhoneSimulator.Build.0 = Release|iPhoneSimulator
		{032F914A-F259-42A0-A5ED-5A43CB946875}.Release|iPhoneSimulator.Deploy.0 = Release|iPhoneSimulator
		{8F930685-67F0-4C1D-B18A-067812FF586B}.Debug|Any CPU.ActiveCfg = Debug|Any CPU
		{8F930685-67F0-4C1D-B18A-067812FF586B}.Debug|Any CPU.Build.0 = Debug|Any CPU
		{8F930685-67F0-4C1D-B18A-067812FF586B}.Debug|Any CPU.Deploy.0 = Debug|Any CPU
		{8F930685-67F0-4C1D-B18A-067812FF586B}.Debug|iPhone.ActiveCfg = Debug|Any CPU
		{8F930685-67F0-4C1D-B18A-067812FF586B}.Debug|iPhone.Build.0 = Debug|Any CPU
		{8F930685-67F0-4C1D-B18A-067812FF586B}.Debug|iPhone.Deploy.0 = Debug|Any CPU
		{8F930685-67F0-4C1D-B18A-067812FF586B}.Debug|iPhoneSimulator.ActiveCfg = Debug|Any CPU
		{8F930685-67F0-4C1D-B18A-067812FF586B}.Debug|iPhoneSimulator.Build.0 = Debug|Any CPU
		{8F930685-67F0-4C1D-B18A-067812FF586B}.Debug|iPhoneSimulator.Deploy.0 = Debug|Any CPU
		{8F930685-67F0-4C1D-B18A-067812FF586B}.Release|Any CPU.ActiveCfg = Release|Any CPU
		{8F930685-67F0-4C1D-B18A-067812FF586B}.Release|Any CPU.Build.0 = Release|Any CPU
		{8F930685-67F0-4C1D-B18A-067812FF586B}.Release|Any CPU.Deploy.0 = Release|Any CPU
		{8F930685-67F0-4C1D-B18A-067812FF586B}.Release|iPhone.ActiveCfg = Release|Any CPU
		{8F930685-67F0-4C1D-B18A-067812FF586B}.Release|iPhone.Build.0 = Release|Any CPU
		{8F930685-67F0-4C1D-B18A-067812FF586B}.Release|iPhone.Deploy.0 = Release|Any CPU
		{8F930685-67F0-4C1D-B18A-067812FF586B}.Release|iPhoneSimulator.ActiveCfg = Release|Any CPU
		{8F930685-67F0-4C1D-B18A-067812FF586B}.Release|iPhoneSimulator.Build.0 = Release|Any CPU
		{8F930685-67F0-4C1D-B18A-067812FF586B}.Release|iPhoneSimulator.Deploy.0 = Release|Any CPU
	EndGlobalSection
	GlobalSection(SolutionProperties) = preSolution
		HideSolutionNode = FALSE
	EndGlobalSection
	GlobalSection(ExtensibilityGlobals) = postSolution
		SolutionGuid = {8043DE2B-A9AD-46F7-A806-BE74CEF21068}
	EndGlobalSection
EndGlobal
