
Microsoft Visual Studio Solution File, Format Version 12.00
# Visual Studio Version 16
VisualStudioVersion = 16.0.29926.136
MinimumVisualStudioVersion = 10.0.40219.1
Project("{FAE04EC0-301F-11D3-BF4B-00C04F79EFBC}") = "WindowsAPP.UWP", "WindowsAPP\WindowsAPP.UWP\WindowsAPP.UWP.csproj", "{040B2D78-1E07-4EEA-A85C-03C3730A23FB}"
EndProject
Project("{FAE04EC0-301F-11D3-BF4B-00C04F79EFBC}") = "WindowsAPP.Android", "WindowsAPP\WindowsAPP.Android\WindowsAPP.Android.csproj", "{DF78BDA7-D751-4420-A9B3-066D5D68FC9A}"
EndProject
Project("{FAE04EC0-301F-11D3-BF4B-00C04F79EFBC}") = "WindowsAPP.iOS", "WindowsAPP\WindowsAPP.iOS\WindowsAPP.iOS.csproj", "{C489F5AB-C580-4771-93A4-F953F61B7D90}"
EndProject
Project("{FAE04EC0-301F-11D3-BF4B-00C04F79EFBC}") = "WindowsAPP", "WindowsAPP\WindowsAPP\WindowsAPP.csproj", "{9FABE2B5-CF03-45EA-9FA0-F1A906BBBF16}"
EndProject
Global
	GlobalSection(SolutionConfigurationPlatforms) = preSolution
		Debug|Any CPU = Debug|Any CPU
		Debug|ARM = Debug|ARM
		Debug|iPhone = Debug|iPhone
		Debug|iPhoneSimulator = Debug|iPhoneSimulator
		Debug|x64 = Debug|x64
		Debug|x86 = Debug|x86
		Release|Any CPU = Release|Any CPU
		Release|ARM = Release|ARM
		Release|iPhone = Release|iPhone
		Release|iPhoneSimulator = Release|iPhoneSimulator
		Release|x64 = Release|x64
		Release|x86 = Release|x86
	EndGlobalSection
	GlobalSection(ProjectConfigurationPlatforms) = postSolution
		{040B2D78-1E07-4EEA-A85C-03C3730A23FB}.Debug|Any CPU.ActiveCfg = Debug|x86
		{040B2D78-1E07-4EEA-A85C-03C3730A23FB}.Debug|Any CPU.Build.0 = Debug|x86
		{040B2D78-1E07-4EEA-A85C-03C3730A23FB}.Debug|Any CPU.Deploy.0 = Debug|x86
		{040B2D78-1E07-4EEA-A85C-03C3730A23FB}.Debug|ARM.ActiveCfg = Debug|ARM
		{040B2D78-1E07-4EEA-A85C-03C3730A23FB}.Debug|ARM.Build.0 = Debug|ARM
		{040B2D78-1E07-4EEA-A85C-03C3730A23FB}.Debug|ARM.Deploy.0 = Debug|ARM
		{040B2D78-1E07-4EEA-A85C-03C3730A23FB}.Debug|iPhone.ActiveCfg = Debug|x86
		{040B2D78-1E07-4EEA-A85C-03C3730A23FB}.Debug|iPhone.Build.0 = Debug|x86
		{040B2D78-1E07-4EEA-A85C-03C3730A23FB}.Debug|iPhone.Deploy.0 = Debug|x86
		{040B2D78-1E07-4EEA-A85C-03C3730A23FB}.Debug|iPhoneSimulator.ActiveCfg = Debug|x86
		{040B2D78-1E07-4EEA-A85C-03C3730A23FB}.Debug|iPhoneSimulator.Build.0 = Debug|x86
		{040B2D78-1E07-4EEA-A85C-03C3730A23FB}.Debug|iPhoneSimulator.Deploy.0 = Debug|x86
		{040B2D78-1E07-4EEA-A85C-03C3730A23FB}.Debug|x64.ActiveCfg = Debug|x64
		{040B2D78-1E07-4EEA-A85C-03C3730A23FB}.Debug|x64.Build.0 = Debug|x64
		{040B2D78-1E07-4EEA-A85C-03C3730A23FB}.Debug|x64.Deploy.0 = Debug|x64
		{040B2D78-1E07-4EEA-A85C-03C3730A23FB}.Debug|x86.ActiveCfg = Debug|x86
		{040B2D78-1E07-4EEA-A85C-03C3730A23FB}.Debug|x86.Build.0 = Debug|x86
		{040B2D78-1E07-4EEA-A85C-03C3730A23FB}.Debug|x86.Deploy.0 = Debug|x86
		{040B2D78-1E07-4EEA-A85C-03C3730A23FB}.Release|Any CPU.ActiveCfg = Release|x86
		{040B2D78-1E07-4EEA-A85C-03C3730A23FB}.Release|Any CPU.Build.0 = Release|x86
		{040B2D78-1E07-4EEA-A85C-03C3730A23FB}.Release|Any CPU.Deploy.0 = Release|x86
		{040B2D78-1E07-4EEA-A85C-03C3730A23FB}.Release|ARM.ActiveCfg = Release|ARM
		{040B2D78-1E07-4EEA-A85C-03C3730A23FB}.Release|ARM.Build.0 = Release|ARM
		{040B2D78-1E07-4EEA-A85C-03C3730A23FB}.Release|ARM.Deploy.0 = Release|ARM
		{040B2D78-1E07-4EEA-A85C-03C3730A23FB}.Release|iPhone.ActiveCfg = Release|x86
		{040B2D78-1E07-4EEA-A85C-03C3730A23FB}.Release|iPhone.Build.0 = Release|x86
		{040B2D78-1E07-4EEA-A85C-03C3730A23FB}.Release|iPhone.Deploy.0 = Release|x86
		{040B2D78-1E07-4EEA-A85C-03C3730A23FB}.Release|iPhoneSimulator.ActiveCfg = Release|x86
		{040B2D78-1E07-4EEA-A85C-03C3730A23FB}.Release|iPhoneSimulator.Build.0 = Release|x86
		{040B2D78-1E07-4EEA-A85C-03C3730A23FB}.Release|iPhoneSimulator.Deploy.0 = Release|x86
		{040B2D78-1E07-4EEA-A85C-03C3730A23FB}.Release|x64.ActiveCfg = Release|x64
		{040B2D78-1E07-4EEA-A85C-03C3730A23FB}.Release|x64.Build.0 = Release|x64
		{040B2D78-1E07-4EEA-A85C-03C3730A23FB}.Release|x64.Deploy.0 = Release|x64
		{040B2D78-1E07-4EEA-A85C-03C3730A23FB}.Release|x86.ActiveCfg = Release|x86
		{040B2D78-1E07-4EEA-A85C-03C3730A23FB}.Release|x86.Build.0 = Release|x86
		{040B2D78-1E07-4EEA-A85C-03C3730A23FB}.Release|x86.Deploy.0 = Release|x86
		{DF78BDA7-D751-4420-A9B3-066D5D68FC9A}.Debug|Any CPU.ActiveCfg = Debug|Any CPU
		{DF78BDA7-D751-4420-A9B3-066D5D68FC9A}.Debug|Any CPU.Build.0 = Debug|Any CPU
		{DF78BDA7-D751-4420-A9B3-066D5D68FC9A}.Debug|Any CPU.Deploy.0 = Debug|Any CPU
		{DF78BDA7-D751-4420-A9B3-066D5D68FC9A}.Debug|ARM.ActiveCfg = Debug|Any CPU
		{DF78BDA7-D751-4420-A9B3-066D5D68FC9A}.Debug|ARM.Build.0 = Debug|Any CPU
		{DF78BDA7-D751-4420-A9B3-066D5D68FC9A}.Debug|ARM.Deploy.0 = Debug|Any CPU
		{DF78BDA7-D751-4420-A9B3-066D5D68FC9A}.Debug|iPhone.ActiveCfg = Debug|Any CPU
		{DF78BDA7-D751-4420-A9B3-066D5D68FC9A}.Debug|iPhone.Build.0 = Debug|Any CPU
		{DF78BDA7-D751-4420-A9B3-066D5D68FC9A}.Debug|iPhone.Deploy.0 = Debug|Any CPU
		{DF78BDA7-D751-4420-A9B3-066D5D68FC9A}.Debug|iPhoneSimulator.ActiveCfg = Debug|Any CPU
		{DF78BDA7-D751-4420-A9B3-066D5D68FC9A}.Debug|iPhoneSimulator.Build.0 = Debug|Any CPU
		{DF78BDA7-D751-4420-A9B3-066D5D68FC9A}.Debug|iPhoneSimulator.Deploy.0 = Debug|Any CPU
		{DF78BDA7-D751-4420-A9B3-066D5D68FC9A}.Debug|x64.ActiveCfg = Debug|Any CPU
		{DF78BDA7-D751-4420-A9B3-066D5D68FC9A}.Debug|x64.Build.0 = Debug|Any CPU
		{DF78BDA7-D751-4420-A9B3-066D5D68FC9A}.Debug|x64.Deploy.0 = Debug|Any CPU
		{DF78BDA7-D751-4420-A9B3-066D5D68FC9A}.Debug|x86.ActiveCfg = Debug|Any CPU
		{DF78BDA7-D751-4420-A9B3-066D5D68FC9A}.Debug|x86.Build.0 = Debug|Any CPU
		{DF78BDA7-D751-4420-A9B3-066D5D68FC9A}.Debug|x86.Deploy.0 = Debug|Any CPU
		{DF78BDA7-D751-4420-A9B3-066D5D68FC9A}.Release|Any CPU.ActiveCfg = Release|Any CPU
		{DF78BDA7-D751-4420-A9B3-066D5D68FC9A}.Release|Any CPU.Build.0 = Release|Any CPU
		{DF78BDA7-D751-4420-A9B3-066D5D68FC9A}.Release|Any CPU.Deploy.0 = Release|Any CPU
		{DF78BDA7-D751-4420-A9B3-066D5D68FC9A}.Release|ARM.ActiveCfg = Release|Any CPU
		{DF78BDA7-D751-4420-A9B3-066D5D68FC9A}.Release|ARM.Build.0 = Release|Any CPU
		{DF78BDA7-D751-4420-A9B3-066D5D68FC9A}.Release|ARM.Deploy.0 = Release|Any CPU
		{DF78BDA7-D751-4420-A9B3-066D5D68FC9A}.Release|iPhone.ActiveCfg = Release|Any CPU
		{DF78BDA7-D751-4420-A9B3-066D5D68FC9A}.Release|iPhone.Build.0 = Release|Any CPU
		{DF78BDA7-D751-4420-A9B3-066D5D68FC9A}.Release|iPhone.Deploy.0 = Release|Any CPU
		{DF78BDA7-D751-4420-A9B3-066D5D68FC9A}.Release|iPhoneSimulator.ActiveCfg = Release|Any CPU
		{DF78BDA7-D751-4420-A9B3-066D5D68FC9A}.Release|iPhoneSimulator.Build.0 = Release|Any CPU
		{DF78BDA7-D751-4420-A9B3-066D5D68FC9A}.Release|iPhoneSimulator.Deploy.0 = Release|Any CPU
		{DF78BDA7-D751-4420-A9B3-066D5D68FC9A}.Release|x64.ActiveCfg = Release|Any CPU
		{DF78BDA7-D751-4420-A9B3-066D5D68FC9A}.Release|x64.Build.0 = Release|Any CPU
		{DF78BDA7-D751-4420-A9B3-066D5D68FC9A}.Release|x64.Deploy.0 = Release|Any CPU
		{DF78BDA7-D751-4420-A9B3-066D5D68FC9A}.Release|x86.ActiveCfg = Release|Any CPU
		{DF78BDA7-D751-4420-A9B3-066D5D68FC9A}.Release|x86.Build.0 = Release|Any CPU
		{DF78BDA7-D751-4420-A9B3-066D5D68FC9A}.Release|x86.Deploy.0 = Release|Any CPU
		{C489F5AB-C580-4771-93A4-F953F61B7D90}.Debug|Any CPU.ActiveCfg = Debug|iPhone
		{C489F5AB-C580-4771-93A4-F953F61B7D90}.Debug|Any CPU.Build.0 = Debug|iPhone
		{C489F5AB-C580-4771-93A4-F953F61B7D90}.Debug|Any CPU.Deploy.0 = Debug|iPhone
		{C489F5AB-C580-4771-93A4-F953F61B7D90}.Debug|ARM.ActiveCfg = Debug|iPhone
		{C489F5AB-C580-4771-93A4-F953F61B7D90}.Debug|ARM.Build.0 = Debug|iPhone
		{C489F5AB-C580-4771-93A4-F953F61B7D90}.Debug|ARM.Deploy.0 = Debug|iPhone
		{C489F5AB-C580-4771-93A4-F953F61B7D90}.Debug|iPhone.ActiveCfg = Debug|iPhone
		{C489F5AB-C580-4771-93A4-F953F61B7D90}.Debug|iPhone.Build.0 = Debug|iPhone
		{C489F5AB-C580-4771-93A4-F953F61B7D90}.Debug|iPhone.Deploy.0 = Debug|iPhone
		{C489F5AB-C580-4771-93A4-F953F61B7D90}.Debug|iPhoneSimulator.ActiveCfg = Debug|iPhoneSimulator
		{C489F5AB-C580-4771-93A4-F953F61B7D90}.Debug|iPhoneSimulator.Build.0 = Debug|iPhoneSimulator
		{C489F5AB-C580-4771-93A4-F953F61B7D90}.Debug|iPhoneSimulator.Deploy.0 = Debug|iPhoneSimulator
		{C489F5AB-C580-4771-93A4-F953F61B7D90}.Debug|x64.ActiveCfg = Debug|iPhone
		{C489F5AB-C580-4771-93A4-F953F61B7D90}.Debug|x64.Build.0 = Debug|iPhone
		{C489F5AB-C580-4771-93A4-F953F61B7D90}.Debug|x64.Deploy.0 = Debug|iPhone
		{C489F5AB-C580-4771-93A4-F953F61B7D90}.Debug|x86.ActiveCfg = Debug|iPhone
		{C489F5AB-C580-4771-93A4-F953F61B7D90}.Debug|x86.Build.0 = Debug|iPhone
		{C489F5AB-C580-4771-93A4-F953F61B7D90}.Debug|x86.Deploy.0 = Debug|iPhone
		{C489F5AB-C580-4771-93A4-F953F61B7D90}.Release|Any CPU.ActiveCfg = Release|iPhone
		{C489F5AB-C580-4771-93A4-F953F61B7D90}.Release|Any CPU.Build.0 = Release|iPhone
		{C489F5AB-C580-4771-93A4-F953F61B7D90}.Release|Any CPU.Deploy.0 = Release|iPhone
		{C489F5AB-C580-4771-93A4-F953F61B7D90}.Release|ARM.ActiveCfg = Release|iPhone
		{C489F5AB-C580-4771-93A4-F953F61B7D90}.Release|ARM.Build.0 = Release|iPhone
		{C489F5AB-C580-4771-93A4-F953F61B7D90}.Release|ARM.Deploy.0 = Release|iPhone
		{C489F5AB-C580-4771-93A4-F953F61B7D90}.Release|iPhone.ActiveCfg = Release|iPhone
		{C489F5AB-C580-4771-93A4-F953F61B7D90}.Release|iPhone.Build.0 = Release|iPhone
		{C489F5AB-C580-4771-93A4-F953F61B7D90}.Release|iPhone.Deploy.0 = Release|iPhone
		{C489F5AB-C580-4771-93A4-F953F61B7D90}.Release|iPhoneSimulator.ActiveCfg = Release|iPhoneSimulator
		{C489F5AB-C580-4771-93A4-F953F61B7D90}.Release|iPhoneSimulator.Build.0 = Release|iPhoneSimulator
		{C489F5AB-C580-4771-93A4-F953F61B7D90}.Release|iPhoneSimulator.Deploy.0 = Release|iPhoneSimulator
		{C489F5AB-C580-4771-93A4-F953F61B7D90}.Release|x64.ActiveCfg = Release|iPhone
		{C489F5AB-C580-4771-93A4-F953F61B7D90}.Release|x64.Build.0 = Release|iPhone
		{C489F5AB-C580-4771-93A4-F953F61B7D90}.Release|x64.Deploy.0 = Release|iPhone
		{C489F5AB-C580-4771-93A4-F953F61B7D90}.Release|x86.ActiveCfg = Release|iPhone
		{C489F5AB-C580-4771-93A4-F953F61B7D90}.Release|x86.Build.0 = Release|iPhone
		{C489F5AB-C580-4771-93A4-F953F61B7D90}.Release|x86.Deploy.0 = Release|iPhone
		{9FABE2B5-CF03-45EA-9FA0-F1A906BBBF16}.Debug|Any CPU.ActiveCfg = Debug|Any CPU
		{9FABE2B5-CF03-45EA-9FA0-F1A906BBBF16}.Debug|Any CPU.Build.0 = Debug|Any CPU
		{9FABE2B5-CF03-45EA-9FA0-F1A906BBBF16}.Debug|Any CPU.Deploy.0 = Debug|Any CPU
		{9FABE2B5-CF03-45EA-9FA0-F1A906BBBF16}.Debug|ARM.ActiveCfg = Debug|Any CPU
		{9FABE2B5-CF03-45EA-9FA0-F1A906BBBF16}.Debug|ARM.Build.0 = Debug|Any CPU
		{9FABE2B5-CF03-45EA-9FA0-F1A906BBBF16}.Debug|ARM.Deploy.0 = Debug|Any CPU
		{9FABE2B5-CF03-45EA-9FA0-F1A906BBBF16}.Debug|iPhone.ActiveCfg = Debug|Any CPU
		{9FABE2B5-CF03-45EA-9FA0-F1A906BBBF16}.Debug|iPhone.Build.0 = Debug|Any CPU
		{9FABE2B5-CF03-45EA-9FA0-F1A906BBBF16}.Debug|iPhone.Deploy.0 = Debug|Any CPU
		{9FABE2B5-CF03-45EA-9FA0-F1A906BBBF16}.Debug|iPhoneSimulator.ActiveCfg = Debug|Any CPU
		{9FABE2B5-CF03-45EA-9FA0-F1A906BBBF16}.Debug|iPhoneSimulator.Build.0 = Debug|Any CPU
		{9FABE2B5-CF03-45EA-9FA0-F1A906BBBF16}.Debug|iPhoneSimulator.Deploy.0 = Debug|Any CPU
		{9FABE2B5-CF03-45EA-9FA0-F1A906BBBF16}.Debug|x64.ActiveCfg = Debug|Any CPU
		{9FABE2B5-CF03-45EA-9FA0-F1A906BBBF16}.Debug|x64.Build.0 = Debug|Any CPU
		{9FABE2B5-CF03-45EA-9FA0-F1A906BBBF16}.Debug|x64.Deploy.0 = Debug|Any CPU
		{9FABE2B5-CF03-45EA-9FA0-F1A906BBBF16}.Debug|x86.ActiveCfg = Debug|Any CPU
		{9FABE2B5-CF03-45EA-9FA0-F1A906BBBF16}.Debug|x86.Build.0 = Debug|Any CPU
		{9FABE2B5-CF03-45EA-9FA0-F1A906BBBF16}.Debug|x86.Deploy.0 = Debug|Any CPU
		{9FABE2B5-CF03-45EA-9FA0-F1A906BBBF16}.Release|Any CPU.ActiveCfg = Release|Any CPU
		{9FABE2B5-CF03-45EA-9FA0-F1A906BBBF16}.Release|Any CPU.Build.0 = Release|Any CPU
		{9FABE2B5-CF03-45EA-9FA0-F1A906BBBF16}.Release|Any CPU.Deploy.0 = Release|Any CPU
		{9FABE2B5-CF03-45EA-9FA0-F1A906BBBF16}.Release|ARM.ActiveCfg = Release|Any CPU
		{9FABE2B5-CF03-45EA-9FA0-F1A906BBBF16}.Release|ARM.Build.0 = Release|Any CPU
		{9FABE2B5-CF03-45EA-9FA0-F1A906BBBF16}.Release|ARM.Deploy.0 = Release|Any CPU
		{9FABE2B5-CF03-45EA-9FA0-F1A906BBBF16}.Release|iPhone.ActiveCfg = Release|Any CPU
		{9FABE2B5-CF03-45EA-9FA0-F1A906BBBF16}.Release|iPhone.Build.0 = Release|Any CPU
		{9FABE2B5-CF03-45EA-9FA0-F1A906BBBF16}.Release|iPhone.Deploy.0 = Release|Any CPU
		{9FABE2B5-CF03-45EA-9FA0-F1A906BBBF16}.Release|iPhoneSimulator.ActiveCfg = Release|Any CPU
		{9FABE2B5-CF03-45EA-9FA0-F1A906BBBF16}.Release|iPhoneSimulator.Build.0 = Release|Any CPU
		{9FABE2B5-CF03-45EA-9FA0-F1A906BBBF16}.Release|iPhoneSimulator.Deploy.0 = Release|Any CPU
		{9FABE2B5-CF03-45EA-9FA0-F1A906BBBF16}.Release|x64.ActiveCfg = Release|Any CPU
		{9FABE2B5-CF03-45EA-9FA0-F1A906BBBF16}.Release|x64.Build.0 = Release|Any CPU
		{9FABE2B5-CF03-45EA-9FA0-F1A906BBBF16}.Release|x64.Deploy.0 = Release|Any CPU
		{9FABE2B5-CF03-45EA-9FA0-F1A906BBBF16}.Release|x86.ActiveCfg = Release|Any CPU
		{9FABE2B5-CF03-45EA-9FA0-F1A906BBBF16}.Release|x86.Build.0 = Release|Any CPU
		{9FABE2B5-CF03-45EA-9FA0-F1A906BBBF16}.Release|x86.Deploy.0 = Release|Any CPU
	EndGlobalSection
	GlobalSection(SolutionProperties) = preSolution
		HideSolutionNode = FALSE
	EndGlobalSection
	GlobalSection(ExtensibilityGlobals) = postSolution
		SolutionGuid = {06DF1284-4FE5-4DDB-A040-24ADEBD55CC7}
	EndGlobalSection
EndGlobal
