
Microsoft Visual Studio Solution File, Format Version 12.00
# Visual Studio Version 16
VisualStudioVersion = 16.0.29905.134
MinimumVisualStudioVersion = 10.0.40219.1
Project("{FAE04EC0-301F-11D3-BF4B-00C04F79EFBC}") = "RESTFulApp.Android", "RESTFulApp\RESTFulApp.Android\RESTFulApp.Android.csproj", "{A922686A-8E87-4C4B-B45A-384B6A9675B1}"
EndProject
Project("{FAE04EC0-301F-11D3-BF4B-00C04F79EFBC}") = "RESTFulApp.iOS", "RESTFulApp\RESTFulApp.iOS\RESTFulApp.iOS.csproj", "{F891B663-0FE5-4770-9528-63B9887B8F36}"
EndProject
Project("{FAE04EC0-301F-11D3-BF4B-00C04F79EFBC}") = "RESTFulApp", "RESTFulApp\RESTFulApp\RESTFulApp.csproj", "{5237E742-752A-4B89-B6DD-20283A473303}"
EndProject
Global
	GlobalSection(SolutionConfigurationPlatforms) = preSolution
		Debug|Any CPU = Debug|Any CPU
		Debug|iPhone = Debug|iPhone
		Debug|iPhoneSimulator = Debug|iPhoneSimulator
		Release|Any CPU = Release|Any CPU
		Release|iPhone = Release|iPhone
		Release|iPhoneSimulator = Release|iPhoneSimulator
	EndGlobalSection
	GlobalSection(ProjectConfigurationPlatforms) = postSolution
		{A922686A-8E87-4C4B-B45A-384B6A9675B1}.Debug|Any CPU.ActiveCfg = Debug|Any CPU
		{A922686A-8E87-4C4B-B45A-384B6A9675B1}.Debug|Any CPU.Build.0 = Debug|Any CPU
		{A922686A-8E87-4C4B-B45A-384B6A9675B1}.Debug|Any CPU.Deploy.0 = Debug|Any CPU
		{A922686A-8E87-4C4B-B45A-384B6A9675B1}.Debug|iPhone.ActiveCfg = Debug|Any CPU
		{A922686A-8E87-4C4B-B45A-384B6A9675B1}.Debug|iPhone.Build.0 = Debug|Any CPU
		{A922686A-8E87-4C4B-B45A-384B6A9675B1}.Debug|iPhone.Deploy.0 = Debug|Any CPU
		{A922686A-8E87-4C4B-B45A-384B6A9675B1}.Debug|iPhoneSimulator.ActiveCfg = Debug|Any CPU
		{A922686A-8E87-4C4B-B45A-384B6A9675B1}.Debug|iPhoneSimulator.Build.0 = Debug|Any CPU
		{A922686A-8E87-4C4B-B45A-384B6A9675B1}.Debug|iPhoneSimulator.Deploy.0 = Debug|Any CPU
		{A922686A-8E87-4C4B-B45A-384B6A9675B1}.Release|Any CPU.ActiveCfg = Release|Any CPU
		{A922686A-8E87-4C4B-B45A-384B6A9675B1}.Release|Any CPU.Build.0 = Release|Any CPU
		{A922686A-8E87-4C4B-B45A-384B6A9675B1}.Release|Any CPU.Deploy.0 = Release|Any CPU
		{A922686A-8E87-4C4B-B45A-384B6A9675B1}.Release|iPhone.ActiveCfg = Release|Any CPU
		{A922686A-8E87-4C4B-B45A-384B6A9675B1}.Release|iPhone.Build.0 = Release|Any CPU
		{A922686A-8E87-4C4B-B45A-384B6A9675B1}.Release|iPhone.Deploy.0 = Release|Any CPU
		{A922686A-8E87-4C4B-B45A-384B6A9675B1}.Release|iPhoneSimulator.ActiveCfg = Release|Any CPU
		{A922686A-8E87-4C4B-B45A-384B6A9675B1}.Release|iPhoneSimulator.Build.0 = Release|Any CPU
		{A922686A-8E87-4C4B-B45A-384B6A9675B1}.Release|iPhoneSimulator.Deploy.0 = Release|Any CPU
		{F891B663-0FE5-4770-9528-63B9887B8F36}.Debug|Any CPU.ActiveCfg = Debug|iPhoneSimulator
		{F891B663-0FE5-4770-9528-63B9887B8F36}.Debug|Any CPU.Build.0 = Debug|iPhoneSimulator
		{F891B663-0FE5-4770-9528-63B9887B8F36}.Debug|Any CPU.Deploy.0 = Debug|iPhoneSimulator
		{F891B663-0FE5-4770-9528-63B9887B8F36}.Debug|iPhone.ActiveCfg = Debug|iPhone
		{F891B663-0FE5-4770-9528-63B9887B8F36}.Debug|iPhone.Build.0 = Debug|iPhone
		{F891B663-0FE5-4770-9528-63B9887B8F36}.Debug|iPhone.Deploy.0 = Debug|iPhone
		{F891B663-0FE5-4770-9528-63B9887B8F36}.Debug|iPhoneSimulator.ActiveCfg = Debug|iPhoneSimulator
		{F891B663-0FE5-4770-9528-63B9887B8F36}.Debug|iPhoneSimulator.Build.0 = Debug|iPhoneSimulator
		{F891B663-0FE5-4770-9528-63B9887B8F36}.Debug|iPhoneSimulator.Deploy.0 = Debug|iPhoneSimulator
		{F891B663-0FE5-4770-9528-63B9887B8F36}.Release|Any CPU.ActiveCfg = Release|iPhone
		{F891B663-0FE5-4770-9528-63B9887B8F36}.Release|Any CPU.Build.0 = Release|iPhone
		{F891B663-0FE5-4770-9528-63B9887B8F36}.Release|Any CPU.Deploy.0 = Release|iPhone
		{F891B663-0FE5-4770-9528-63B9887B8F36}.Release|iPhone.ActiveCfg = Release|iPhone
		{F891B663-0FE5-4770-9528-63B9887B8F36}.Release|iPhone.Build.0 = Release|iPhone
		{F891B663-0FE5-4770-9528-63B9887B8F36}.Release|iPhone.Deploy.0 = Release|iPhone
		{F891B663-0FE5-4770-9528-63B9887B8F36}.Release|iPhoneSimulator.ActiveCfg = Release|iPhoneSimulator
		{F891B663-0FE5-4770-9528-63B9887B8F36}.Release|iPhoneSimulator.Build.0 = Release|iPhoneSimulator
		{F891B663-0FE5-4770-9528-63B9887B8F36}.Release|iPhoneSimulator.Deploy.0 = Release|iPhoneSimulator
		{5237E742-752A-4B89-B6DD-20283A473303}.Debug|Any CPU.ActiveCfg = Debug|Any CPU
		{5237E742-752A-4B89-B6DD-20283A473303}.Debug|Any CPU.Build.0 = Debug|Any CPU
		{5237E742-752A-4B89-B6DD-20283A473303}.Debug|Any CPU.Deploy.0 = Debug|Any CPU
		{5237E742-752A-4B89-B6DD-20283A473303}.Debug|iPhone.ActiveCfg = Debug|Any CPU
		{5237E742-752A-4B89-B6DD-20283A473303}.Debug|iPhone.Build.0 = Debug|Any CPU
		{5237E742-752A-4B89-B6DD-20283A473303}.Debug|iPhone.Deploy.0 = Debug|Any CPU
		{5237E742-752A-4B89-B6DD-20283A473303}.Debug|iPhoneSimulator.ActiveCfg = Debug|Any CPU
		{5237E742-752A-4B89-B6DD-20283A473303}.Debug|iPhoneSimulator.Build.0 = Debug|Any CPU
		{5237E742-752A-4B89-B6DD-20283A473303}.Debug|iPhoneSimulator.Deploy.0 = Debug|Any CPU
		{5237E742-752A-4B89-B6DD-20283A473303}.Release|Any CPU.ActiveCfg = Release|Any CPU
		{5237E742-752A-4B89-B6DD-20283A473303}.Release|Any CPU.Build.0 = Release|Any CPU
		{5237E742-752A-4B89-B6DD-20283A473303}.Release|Any CPU.Deploy.0 = Release|Any CPU
		{5237E742-752A-4B89-B6DD-20283A473303}.Release|iPhone.ActiveCfg = Release|Any CPU
		{5237E742-752A-4B89-B6DD-20283A473303}.Release|iPhone.Build.0 = Release|Any CPU
		{5237E742-752A-4B89-B6DD-20283A473303}.Release|iPhone.Deploy.0 = Release|Any CPU
		{5237E742-752A-4B89-B6DD-20283A473303}.Release|iPhoneSimulator.ActiveCfg = Release|Any CPU
		{5237E742-752A-4B89-B6DD-20283A473303}.Release|iPhoneSimulator.Build.0 = Release|Any CPU
		{5237E742-752A-4B89-B6DD-20283A473303}.Release|iPhoneSimulator.Deploy.0 = Release|Any CPU
	EndGlobalSection
	GlobalSection(SolutionProperties) = preSolution
		HideSolutionNode = FALSE
	EndGlobalSection
	GlobalSection(ExtensibilityGlobals) = postSolution
		SolutionGuid = {3A41819A-EF13-4605-9DE0-DE6A5069C410}
	EndGlobalSection
EndGlobal
