
Microsoft Visual Studio Solution File, Format Version 12.00
# Visual Studio Version 16
VisualStudioVersion = 16.0.29905.134
MinimumVisualStudioVersion = 10.0.40219.1
Project("{FAE04EC0-301F-11D3-BF4B-00C04F79EFBC}") = "GridApp.Android", "GridApp\GridApp.Android\GridApp.Android.csproj", "{733C4CCB-216E-41F6-92B2-EC8AB121C4A9}"
EndProject
Project("{FAE04EC0-301F-11D3-BF4B-00C04F79EFBC}") = "GridApp.iOS", "GridApp\GridApp.iOS\GridApp.iOS.csproj", "{C2F6A458-815E-4A42-BCBE-A620EFD501B2}"
EndProject
Project("{FAE04EC0-301F-11D3-BF4B-00C04F79EFBC}") = "GridApp", "GridApp\GridApp\GridApp.csproj", "{E782FD53-8C7A-4FE2-A771-F73BF9A3B5CF}"
EndProject
Global
	GlobalSection(SolutionConfigurationPlatforms) = preSolution
		Debug|Any CPU = Debug|Any CPU
		Debug|iPhone = Debug|iPhone
		Debug|iPhoneSimulator = Debug|iPhoneSimulator
		Release|Any CPU = Release|Any CPU
		Release|iPhone = Release|iPhone
		Release|iPhoneSimulator = Release|iPhoneSimulator
	EndGlobalSection
	GlobalSection(ProjectConfigurationPlatforms) = postSolution
		{733C4CCB-216E-41F6-92B2-EC8AB121C4A9}.Debug|Any CPU.ActiveCfg = Debug|Any CPU
		{733C4CCB-216E-41F6-92B2-EC8AB121C4A9}.Debug|Any CPU.Build.0 = Debug|Any CPU
		{733C4CCB-216E-41F6-92B2-EC8AB121C4A9}.Debug|Any CPU.Deploy.0 = Debug|Any CPU
		{733C4CCB-216E-41F6-92B2-EC8AB121C4A9}.Debug|iPhone.ActiveCfg = Debug|Any CPU
		{733C4CCB-216E-41F6-92B2-EC8AB121C4A9}.Debug|iPhone.Build.0 = Debug|Any CPU
		{733C4CCB-216E-41F6-92B2-EC8AB121C4A9}.Debug|iPhone.Deploy.0 = Debug|Any CPU
		{733C4CCB-216E-41F6-92B2-EC8AB121C4A9}.Debug|iPhoneSimulator.ActiveCfg = Debug|Any CPU
		{733C4CCB-216E-41F6-92B2-EC8AB121C4A9}.Debug|iPhoneSimulator.Build.0 = Debug|Any CPU
		{733C4CCB-216E-41F6-92B2-EC8AB121C4A9}.Debug|iPhoneSimulator.Deploy.0 = Debug|Any CPU
		{733C4CCB-216E-41F6-92B2-EC8AB121C4A9}.Release|Any CPU.ActiveCfg = Release|Any CPU
		{733C4CCB-216E-41F6-92B2-EC8AB121C4A9}.Release|Any CPU.Build.0 = Release|Any CPU
		{733C4CCB-216E-41F6-92B2-EC8AB121C4A9}.Release|Any CPU.Deploy.0 = Release|Any CPU
		{733C4CCB-216E-41F6-92B2-EC8AB121C4A9}.Release|iPhone.ActiveCfg = Release|Any CPU
		{733C4CCB-216E-41F6-92B2-EC8AB121C4A9}.Release|iPhone.Build.0 = Release|Any CPU
		{733C4CCB-216E-41F6-92B2-EC8AB121C4A9}.Release|iPhone.Deploy.0 = Release|Any CPU
		{733C4CCB-216E-41F6-92B2-EC8AB121C4A9}.Release|iPhoneSimulator.ActiveCfg = Release|Any CPU
		{733C4CCB-216E-41F6-92B2-EC8AB121C4A9}.Release|iPhoneSimulator.Build.0 = Release|Any CPU
		{733C4CCB-216E-41F6-92B2-EC8AB121C4A9}.Release|iPhoneSimulator.Deploy.0 = Release|Any CPU
		{C2F6A458-815E-4A42-BCBE-A620EFD501B2}.Debug|Any CPU.ActiveCfg = Debug|iPhoneSimulator
		{C2F6A458-815E-4A42-BCBE-A620EFD501B2}.Debug|Any CPU.Build.0 = Debug|iPhoneSimulator
		{C2F6A458-815E-4A42-BCBE-A620EFD501B2}.Debug|Any CPU.Deploy.0 = Debug|iPhoneSimulator
		{C2F6A458-815E-4A42-BCBE-A620EFD501B2}.Debug|iPhone.ActiveCfg = Debug|iPhone
		{C2F6A458-815E-4A42-BCBE-A620EFD501B2}.Debug|iPhone.Build.0 = Debug|iPhone
		{C2F6A458-815E-4A42-BCBE-A620EFD501B2}.Debug|iPhone.Deploy.0 = Debug|iPhone
		{C2F6A458-815E-4A42-BCBE-A620EFD501B2}.Debug|iPhoneSimulator.ActiveCfg = Debug|iPhoneSimulator
		{C2F6A458-815E-4A42-BCBE-A620EFD501B2}.Debug|iPhoneSimulator.Build.0 = Debug|iPhoneSimulator
		{C2F6A458-815E-4A42-BCBE-A620EFD501B2}.Debug|iPhoneSimulator.Deploy.0 = Debug|iPhoneSimulator
		{C2F6A458-815E-4A42-BCBE-A620EFD501B2}.Release|Any CPU.ActiveCfg = Release|iPhone
		{C2F6A458-815E-4A42-BCBE-A620EFD501B2}.Release|Any CPU.Build.0 = Release|iPhone
		{C2F6A458-815E-4A42-BCBE-A620EFD501B2}.Release|Any CPU.Deploy.0 = Release|iPhone
		{C2F6A458-815E-4A42-BCBE-A620EFD501B2}.Release|iPhone.ActiveCfg = Release|iPhone
		{C2F6A458-815E-4A42-BCBE-A620EFD501B2}.Release|iPhone.Build.0 = Release|iPhone
		{C2F6A458-815E-4A42-BCBE-A620EFD501B2}.Release|iPhone.Deploy.0 = Release|iPhone
		{C2F6A458-815E-4A42-BCBE-A620EFD501B2}.Release|iPhoneSimulator.ActiveCfg = Release|iPhoneSimulator
		{C2F6A458-815E-4A42-BCBE-A620EFD501B2}.Release|iPhoneSimulator.Build.0 = Release|iPhoneSimulator
		{C2F6A458-815E-4A42-BCBE-A620EFD501B2}.Release|iPhoneSimulator.Deploy.0 = Release|iPhoneSimulator
		{E782FD53-8C7A-4FE2-A771-F73BF9A3B5CF}.Debug|Any CPU.ActiveCfg = Debug|Any CPU
		{E782FD53-8C7A-4FE2-A771-F73BF9A3B5CF}.Debug|Any CPU.Build.0 = Debug|Any CPU
		{E782FD53-8C7A-4FE2-A771-F73BF9A3B5CF}.Debug|Any CPU.Deploy.0 = Debug|Any CPU
		{E782FD53-8C7A-4FE2-A771-F73BF9A3B5CF}.Debug|iPhone.ActiveCfg = Debug|Any CPU
		{E782FD53-8C7A-4FE2-A771-F73BF9A3B5CF}.Debug|iPhone.Build.0 = Debug|Any CPU
		{E782FD53-8C7A-4FE2-A771-F73BF9A3B5CF}.Debug|iPhone.Deploy.0 = Debug|Any CPU
		{E782FD53-8C7A-4FE2-A771-F73BF9A3B5CF}.Debug|iPhoneSimulator.ActiveCfg = Debug|Any CPU
		{E782FD53-8C7A-4FE2-A771-F73BF9A3B5CF}.Debug|iPhoneSimulator.Build.0 = Debug|Any CPU
		{E782FD53-8C7A-4FE2-A771-F73BF9A3B5CF}.Debug|iPhoneSimulator.Deploy.0 = Debug|Any CPU
		{E782FD53-8C7A-4FE2-A771-F73BF9A3B5CF}.Release|Any CPU.ActiveCfg = Release|Any CPU
		{E782FD53-8C7A-4FE2-A771-F73BF9A3B5CF}.Release|Any CPU.Build.0 = Release|Any CPU
		{E782FD53-8C7A-4FE2-A771-F73BF9A3B5CF}.Release|Any CPU.Deploy.0 = Release|Any CPU
		{E782FD53-8C7A-4FE2-A771-F73BF9A3B5CF}.Release|iPhone.ActiveCfg = Release|Any CPU
		{E782FD53-8C7A-4FE2-A771-F73BF9A3B5CF}.Release|iPhone.Build.0 = Release|Any CPU
		{E782FD53-8C7A-4FE2-A771-F73BF9A3B5CF}.Release|iPhone.Deploy.0 = Release|Any CPU
		{E782FD53-8C7A-4FE2-A771-F73BF9A3B5CF}.Release|iPhoneSimulator.ActiveCfg = Release|Any CPU
		{E782FD53-8C7A-4FE2-A771-F73BF9A3B5CF}.Release|iPhoneSimulator.Build.0 = Release|Any CPU
		{E782FD53-8C7A-4FE2-A771-F73BF9A3B5CF}.Release|iPhoneSimulator.Deploy.0 = Release|Any CPU
	EndGlobalSection
	GlobalSection(SolutionProperties) = preSolution
		HideSolutionNode = FALSE
	EndGlobalSection
	GlobalSection(ExtensibilityGlobals) = postSolution
		SolutionGuid = {DB7375C5-C646-4B5F-B03D-162B66D8A5C3}
	EndGlobalSection
EndGlobal
