
Microsoft Visual Studio Solution File, Format Version 12.00
# Visual Studio Version 16
VisualStudioVersion = 16.0.29905.134
MinimumVisualStudioVersion = 10.0.40219.1
Project("{FAE04EC0-301F-11D3-BF4B-00C04F79EFBC}") = "HelloWorld.Android", "HelloWorld\HelloWorld.Android\HelloWorld.Android.csproj", "{E58B9AA0-4652-4E00-A359-C9EB624ED706}"
EndProject
Project("{FAE04EC0-301F-11D3-BF4B-00C04F79EFBC}") = "HelloWorld.iOS", "HelloWorld\HelloWorld.iOS\HelloWorld.iOS.csproj", "{F3E4EE72-684E-440F-9BAF-F59AEB5ADD8B}"
EndProject
Project("{9A19103F-16F7-4668-BE54-9A1E7A4F7556}") = "HelloWorld", "HelloWorld\HelloWorld\HelloWorld.csproj", "{841953CE-68D0-4D91-91E7-D40D623FE8B2}"
EndProject
Project("{FAE04EC0-301F-11D3-BF4B-00C04F79EFBC}") = "HelloWorld.UWP", "HelloWorld.UWP\HelloWorld.UWP.csproj", "{0351E996-7843-4FB1-8C3D-A7044BD04C81}"
EndProject
Global
	GlobalSection(SolutionConfigurationPlatforms) = preSolution
		Debug|Any CPU = Debug|Any CPU
		Debug|ARM = Debug|ARM
		Debug|ARM64 = Debug|ARM64
		Debug|iPhone = Debug|iPhone
		Debug|iPhoneSimulator = Debug|iPhoneSimulator
		Debug|x64 = Debug|x64
		Debug|x86 = Debug|x86
		Release|Any CPU = Release|Any CPU
		Release|ARM = Release|ARM
		Release|ARM64 = Release|ARM64
		Release|iPhone = Release|iPhone
		Release|iPhoneSimulator = Release|iPhoneSimulator
		Release|x64 = Release|x64
		Release|x86 = Release|x86
	EndGlobalSection
	GlobalSection(ProjectConfigurationPlatforms) = postSolution
		{E58B9AA0-4652-4E00-A359-C9EB624ED706}.Debug|Any CPU.ActiveCfg = Debug|Any CPU
		{E58B9AA0-4652-4E00-A359-C9EB624ED706}.Debug|Any CPU.Build.0 = Debug|Any CPU
		{E58B9AA0-4652-4E00-A359-C9EB624ED706}.Debug|Any CPU.Deploy.0 = Debug|Any CPU
		{E58B9AA0-4652-4E00-A359-C9EB624ED706}.Debug|ARM.ActiveCfg = Debug|Any CPU
		{E58B9AA0-4652-4E00-A359-C9EB624ED706}.Debug|ARM.Build.0 = Debug|Any CPU
		{E58B9AA0-4652-4E00-A359-C9EB624ED706}.Debug|ARM.Deploy.0 = Debug|Any CPU
		{E58B9AA0-4652-4E00-A359-C9EB624ED706}.Debug|ARM64.ActiveCfg = Debug|Any CPU
		{E58B9AA0-4652-4E00-A359-C9EB624ED706}.Debug|ARM64.Build.0 = Debug|Any CPU
		{E58B9AA0-4652-4E00-A359-C9EB624ED706}.Debug|ARM64.Deploy.0 = Debug|Any CPU
		{E58B9AA0-4652-4E00-A359-C9EB624ED706}.Debug|iPhone.ActiveCfg = Debug|Any CPU
		{E58B9AA0-4652-4E00-A359-C9EB624ED706}.Debug|iPhone.Build.0 = Debug|Any CPU
		{E58B9AA0-4652-4E00-A359-C9EB624ED706}.Debug|iPhone.Deploy.0 = Debug|Any CPU
		{E58B9AA0-4652-4E00-A359-C9EB624ED706}.Debug|iPhoneSimulator.ActiveCfg = Debug|Any CPU
		{E58B9AA0-4652-4E00-A359-C9EB624ED706}.Debug|iPhoneSimulator.Build.0 = Debug|Any CPU
		{E58B9AA0-4652-4E00-A359-C9EB624ED706}.Debug|iPhoneSimulator.Deploy.0 = Debug|Any CPU
		{E58B9AA0-4652-4E00-A359-C9EB624ED706}.Debug|x64.ActiveCfg = Debug|Any CPU
		{E58B9AA0-4652-4E00-A359-C9EB624ED706}.Debug|x64.Build.0 = Debug|Any CPU
		{E58B9AA0-4652-4E00-A359-C9EB624ED706}.Debug|x64.Deploy.0 = Debug|Any CPU
		{E58B9AA0-4652-4E00-A359-C9EB624ED706}.Debug|x86.ActiveCfg = Debug|Any CPU
		{E58B9AA0-4652-4E00-A359-C9EB624ED706}.Debug|x86.Build.0 = Debug|Any CPU
		{E58B9AA0-4652-4E00-A359-C9EB624ED706}.Debug|x86.Deploy.0 = Debug|Any CPU
		{E58B9AA0-4652-4E00-A359-C9EB624ED706}.Release|Any CPU.ActiveCfg = Release|Any CPU
		{E58B9AA0-4652-4E00-A359-C9EB624ED706}.Release|Any CPU.Build.0 = Release|Any CPU
		{E58B9AA0-4652-4E00-A359-C9EB624ED706}.Release|Any CPU.Deploy.0 = Release|Any CPU
		{E58B9AA0-4652-4E00-A359-C9EB624ED706}.Release|ARM.ActiveCfg = Release|Any CPU
		{E58B9AA0-4652-4E00-A359-C9EB624ED706}.Release|ARM.Build.0 = Release|Any CPU
		{E58B9AA0-4652-4E00-A359-C9EB624ED706}.Release|ARM.Deploy.0 = Release|Any CPU
		{E58B9AA0-4652-4E00-A359-C9EB624ED706}.Release|ARM64.ActiveCfg = Release|Any CPU
		{E58B9AA0-4652-4E00-A359-C9EB624ED706}.Release|ARM64.Build.0 = Release|Any CPU
		{E58B9AA0-4652-4E00-A359-C9EB624ED706}.Release|ARM64.Deploy.0 = Release|Any CPU
		{E58B9AA0-4652-4E00-A359-C9EB624ED706}.Release|iPhone.ActiveCfg = Release|Any CPU
		{E58B9AA0-4652-4E00-A359-C9EB624ED706}.Release|iPhone.Build.0 = Release|Any CPU
		{E58B9AA0-4652-4E00-A359-C9EB624ED706}.Release|iPhone.Deploy.0 = Release|Any CPU
		{E58B9AA0-4652-4E00-A359-C9EB624ED706}.Release|iPhoneSimulator.ActiveCfg = Release|Any CPU
		{E58B9AA0-4652-4E00-A359-C9EB624ED706}.Release|iPhoneSimulator.Build.0 = Release|Any CPU
		{E58B9AA0-4652-4E00-A359-C9EB624ED706}.Release|iPhoneSimulator.Deploy.0 = Release|Any CPU
		{E58B9AA0-4652-4E00-A359-C9EB624ED706}.Release|x64.ActiveCfg = Release|Any CPU
		{E58B9AA0-4652-4E00-A359-C9EB624ED706}.Release|x64.Build.0 = Release|Any CPU
		{E58B9AA0-4652-4E00-A359-C9EB624ED706}.Release|x64.Deploy.0 = Release|Any CPU
		{E58B9AA0-4652-4E00-A359-C9EB624ED706}.Release|x86.ActiveCfg = Release|Any CPU
		{E58B9AA0-4652-4E00-A359-C9EB624ED706}.Release|x86.Build.0 = Release|Any CPU
		{E58B9AA0-4652-4E00-A359-C9EB624ED706}.Release|x86.Deploy.0 = Release|Any CPU
		{F3E4EE72-684E-440F-9BAF-F59AEB5ADD8B}.Debug|Any CPU.ActiveCfg = Debug|iPhoneSimulator
		{F3E4EE72-684E-440F-9BAF-F59AEB5ADD8B}.Debug|Any CPU.Build.0 = Debug|iPhoneSimulator
		{F3E4EE72-684E-440F-9BAF-F59AEB5ADD8B}.Debug|Any CPU.Deploy.0 = Debug|iPhoneSimulator
		{F3E4EE72-684E-440F-9BAF-F59AEB5ADD8B}.Debug|ARM.ActiveCfg = Debug|iPhone
		{F3E4EE72-684E-440F-9BAF-F59AEB5ADD8B}.Debug|ARM64.ActiveCfg = Debug|iPhone
		{F3E4EE72-684E-440F-9BAF-F59AEB5ADD8B}.Debug|iPhone.ActiveCfg = Debug|iPhone
		{F3E4EE72-684E-440F-9BAF-F59AEB5ADD8B}.Debug|iPhone.Build.0 = Debug|iPhone
		{F3E4EE72-684E-440F-9BAF-F59AEB5ADD8B}.Debug|iPhone.Deploy.0 = Debug|iPhone
		{F3E4EE72-684E-440F-9BAF-F59AEB5ADD8B}.Debug|iPhoneSimulator.ActiveCfg = Debug|iPhoneSimulator
		{F3E4EE72-684E-440F-9BAF-F59AEB5ADD8B}.Debug|iPhoneSimulator.Build.0 = Debug|iPhoneSimulator
		{F3E4EE72-684E-440F-9BAF-F59AEB5ADD8B}.Debug|iPhoneSimulator.Deploy.0 = Debug|iPhoneSimulator
		{F3E4EE72-684E-440F-9BAF-F59AEB5ADD8B}.Debug|x64.ActiveCfg = Debug|iPhone
		{F3E4EE72-684E-440F-9BAF-F59AEB5ADD8B}.Debug|x86.ActiveCfg = Debug|iPhone
		{F3E4EE72-684E-440F-9BAF-F59AEB5ADD8B}.Release|Any CPU.ActiveCfg = Release|iPhone
		{F3E4EE72-684E-440F-9BAF-F59AEB5ADD8B}.Release|Any CPU.Build.0 = Release|iPhone
		{F3E4EE72-684E-440F-9BAF-F59AEB5ADD8B}.Release|Any CPU.Deploy.0 = Release|iPhone
		{F3E4EE72-684E-440F-9BAF-F59AEB5ADD8B}.Release|ARM.ActiveCfg = Release|iPhoneSimulator
		{F3E4EE72-684E-440F-9BAF-F59AEB5ADD8B}.Release|ARM64.ActiveCfg = Release|iPhoneSimulator
		{F3E4EE72-684E-440F-9BAF-F59AEB5ADD8B}.Release|iPhone.ActiveCfg = Release|iPhone
		{F3E4EE72-684E-440F-9BAF-F59AEB5ADD8B}.Release|iPhone.Build.0 = Release|iPhone
		{F3E4EE72-684E-440F-9BAF-F59AEB5ADD8B}.Release|iPhone.Deploy.0 = Release|iPhone
		{F3E4EE72-684E-440F-9BAF-F59AEB5ADD8B}.Release|iPhoneSimulator.ActiveCfg = Release|iPhoneSimulator
		{F3E4EE72-684E-440F-9BAF-F59AEB5ADD8B}.Release|iPhoneSimulator.Build.0 = Release|iPhoneSimulator
		{F3E4EE72-684E-440F-9BAF-F59AEB5ADD8B}.Release|iPhoneSimulator.Deploy.0 = Release|iPhoneSimulator
		{F3E4EE72-684E-440F-9BAF-F59AEB5ADD8B}.Release|x64.ActiveCfg = Release|iPhoneSimulator
		{F3E4EE72-684E-440F-9BAF-F59AEB5ADD8B}.Release|x86.ActiveCfg = Release|iPhoneSimulator
		{841953CE-68D0-4D91-91E7-D40D623FE8B2}.Debug|Any CPU.ActiveCfg = Debug|Any CPU
		{841953CE-68D0-4D91-91E7-D40D623FE8B2}.Debug|Any CPU.Build.0 = Debug|Any CPU
		{841953CE-68D0-4D91-91E7-D40D623FE8B2}.Debug|Any CPU.Deploy.0 = Debug|Any CPU
		{841953CE-68D0-4D91-91E7-D40D623FE8B2}.Debug|ARM.ActiveCfg = Debug|Any CPU
		{841953CE-68D0-4D91-91E7-D40D623FE8B2}.Debug|ARM.Build.0 = Debug|Any CPU
		{841953CE-68D0-4D91-91E7-D40D623FE8B2}.Debug|ARM64.ActiveCfg = Debug|Any CPU
		{841953CE-68D0-4D91-91E7-D40D623FE8B2}.Debug|ARM64.Build.0 = Debug|Any CPU
		{841953CE-68D0-4D91-91E7-D40D623FE8B2}.Debug|iPhone.ActiveCfg = Debug|Any CPU
		{841953CE-68D0-4D91-91E7-D40D623FE8B2}.Debug|iPhone.Build.0 = Debug|Any CPU
		{841953CE-68D0-4D91-91E7-D40D623FE8B2}.Debug|iPhone.Deploy.0 = Debug|Any CPU
		{841953CE-68D0-4D91-91E7-D40D623FE8B2}.Debug|iPhoneSimulator.ActiveCfg = Debug|Any CPU
		{841953CE-68D0-4D91-91E7-D40D623FE8B2}.Debug|iPhoneSimulator.Build.0 = Debug|Any CPU
		{841953CE-68D0-4D91-91E7-D40D623FE8B2}.Debug|iPhoneSimulator.Deploy.0 = Debug|Any CPU
		{841953CE-68D0-4D91-91E7-D40D623FE8B2}.Debug|x64.ActiveCfg = Debug|Any CPU
		{841953CE-68D0-4D91-91E7-D40D623FE8B2}.Debug|x64.Build.0 = Debug|Any CPU
		{841953CE-68D0-4D91-91E7-D40D623FE8B2}.Debug|x86.ActiveCfg = Debug|Any CPU
		{841953CE-68D0-4D91-91E7-D40D623FE8B2}.Debug|x86.Build.0 = Debug|Any CPU
		{841953CE-68D0-4D91-91E7-D40D623FE8B2}.Release|Any CPU.ActiveCfg = Release|Any CPU
		{841953CE-68D0-4D91-91E7-D40D623FE8B2}.Release|Any CPU.Build.0 = Release|Any CPU
		{841953CE-68D0-4D91-91E7-D40D623FE8B2}.Release|Any CPU.Deploy.0 = Release|Any CPU
		{841953CE-68D0-4D91-91E7-D40D623FE8B2}.Release|ARM.ActiveCfg = Release|Any CPU
		{841953CE-68D0-4D91-91E7-D40D623FE8B2}.Release|ARM.Build.0 = Release|Any CPU
		{841953CE-68D0-4D91-91E7-D40D623FE8B2}.Release|ARM64.ActiveCfg = Release|Any CPU
		{841953CE-68D0-4D91-91E7-D40D623FE8B2}.Release|ARM64.Build.0 = Release|Any CPU
		{841953CE-68D0-4D91-91E7-D40D623FE8B2}.Release|iPhone.ActiveCfg = Release|Any CPU
		{841953CE-68D0-4D91-91E7-D40D623FE8B2}.Release|iPhone.Build.0 = Release|Any CPU
		{841953CE-68D0-4D91-91E7-D40D623FE8B2}.Release|iPhone.Deploy.0 = Release|Any CPU
		{841953CE-68D0-4D91-91E7-D40D623FE8B2}.Release|iPhoneSimulator.ActiveCfg = Release|Any CPU
		{841953CE-68D0-4D91-91E7-D40D623FE8B2}.Release|iPhoneSimulator.Build.0 = Release|Any CPU
		{841953CE-68D0-4D91-91E7-D40D623FE8B2}.Release|iPhoneSimulator.Deploy.0 = Release|Any CPU
		{841953CE-68D0-4D91-91E7-D40D623FE8B2}.Release|x64.ActiveCfg = Release|Any CPU
		{841953CE-68D0-4D91-91E7-D40D623FE8B2}.Release|x64.Build.0 = Release|Any CPU
		{841953CE-68D0-4D91-91E7-D40D623FE8B2}.Release|x86.ActiveCfg = Release|Any CPU
		{841953CE-68D0-4D91-91E7-D40D623FE8B2}.Release|x86.Build.0 = Release|Any CPU
		{0351E996-7843-4FB1-8C3D-A7044BD04C81}.Debug|Any CPU.ActiveCfg = Debug|x86
		{0351E996-7843-4FB1-8C3D-A7044BD04C81}.Debug|ARM.ActiveCfg = Debug|ARM
		{0351E996-7843-4FB1-8C3D-A7044BD04C81}.Debug|ARM.Build.0 = Debug|ARM
		{0351E996-7843-4FB1-8C3D-A7044BD04C81}.Debug|ARM.Deploy.0 = Debug|ARM
		{0351E996-7843-4FB1-8C3D-A7044BD04C81}.Debug|ARM64.ActiveCfg = Debug|ARM64
		{0351E996-7843-4FB1-8C3D-A7044BD04C81}.Debug|ARM64.Build.0 = Debug|ARM64
		{0351E996-7843-4FB1-8C3D-A7044BD04C81}.Debug|ARM64.Deploy.0 = Debug|ARM64
		{0351E996-7843-4FB1-8C3D-A7044BD04C81}.Debug|iPhone.ActiveCfg = Debug|x86
		{0351E996-7843-4FB1-8C3D-A7044BD04C81}.Debug|iPhoneSimulator.ActiveCfg = Debug|x86
		{0351E996-7843-4FB1-8C3D-A7044BD04C81}.Debug|x64.ActiveCfg = Debug|x64
		{0351E996-7843-4FB1-8C3D-A7044BD04C81}.Debug|x64.Build.0 = Debug|x64
		{0351E996-7843-4FB1-8C3D-A7044BD04C81}.Debug|x64.Deploy.0 = Debug|x64
		{0351E996-7843-4FB1-8C3D-A7044BD04C81}.Debug|x86.ActiveCfg = Debug|x86
		{0351E996-7843-4FB1-8C3D-A7044BD04C81}.Debug|x86.Build.0 = Debug|x86
		{0351E996-7843-4FB1-8C3D-A7044BD04C81}.Debug|x86.Deploy.0 = Debug|x86
		{0351E996-7843-4FB1-8C3D-A7044BD04C81}.Release|Any CPU.ActiveCfg = Release|x86
		{0351E996-7843-4FB1-8C3D-A7044BD04C81}.Release|ARM.ActiveCfg = Release|ARM
		{0351E996-7843-4FB1-8C3D-A7044BD04C81}.Release|ARM.Build.0 = Release|ARM
		{0351E996-7843-4FB1-8C3D-A7044BD04C81}.Release|ARM.Deploy.0 = Release|ARM
		{0351E996-7843-4FB1-8C3D-A7044BD04C81}.Release|ARM64.ActiveCfg = Release|ARM64
		{0351E996-7843-4FB1-8C3D-A7044BD04C81}.Release|ARM64.Build.0 = Release|ARM64
		{0351E996-7843-4FB1-8C3D-A7044BD04C81}.Release|ARM64.Deploy.0 = Release|ARM64
		{0351E996-7843-4FB1-8C3D-A7044BD04C81}.Release|iPhone.ActiveCfg = Release|x86
		{0351E996-7843-4FB1-8C3D-A7044BD04C81}.Release|iPhoneSimulator.ActiveCfg = Release|x86
		{0351E996-7843-4FB1-8C3D-A7044BD04C81}.Release|x64.ActiveCfg = Release|x64
		{0351E996-7843-4FB1-8C3D-A7044BD04C81}.Release|x64.Build.0 = Release|x64
		{0351E996-7843-4FB1-8C3D-A7044BD04C81}.Release|x64.Deploy.0 = Release|x64
		{0351E996-7843-4FB1-8C3D-A7044BD04C81}.Release|x86.ActiveCfg = Release|x86
		{0351E996-7843-4FB1-8C3D-A7044BD04C81}.Release|x86.Build.0 = Release|x86
		{0351E996-7843-4FB1-8C3D-A7044BD04C81}.Release|x86.Deploy.0 = Release|x86
	EndGlobalSection
	GlobalSection(SolutionProperties) = preSolution
		HideSolutionNode = FALSE
	EndGlobalSection
	GlobalSection(ExtensibilityGlobals) = postSolution
		SolutionGuid = {FBC202DC-9CCD-4C33-A5FF-8F5E886953E2}
	EndGlobalSection
EndGlobal
