
Microsoft Visual Studio Solution File, Format Version 12.00
# Visual Studio Version 16
VisualStudioVersion = 16.0.29926.136
MinimumVisualStudioVersion = 10.0.40219.1
Project("{FAE04EC0-301F-11D3-BF4B-00C04F79EFBC}") = "compositionDemo", "compositionDemo\compositionDemo.csproj", "{D61453CC-4E8A-45C3-AE10-317DC9CD8A8E}"
EndProject
Global
	GlobalSection(SolutionConfigurationPlatforms) = preSolution
		Debug|Any CPU = Debug|Any CPU
		Release|Any CPU = Release|Any CPU
	EndGlobalSection
	GlobalSection(ProjectConfigurationPlatforms) = postSolution
		{D61453CC-4E8A-45C3-AE10-317DC9CD8A8E}.Debug|Any CPU.ActiveCfg = Debug|Any CPU
		{D61453CC-4E8A-45C3-AE10-317DC9CD8A8E}.Debug|Any CPU.Build.0 = Debug|Any CPU
		{D61453CC-4E8A-45C3-AE10-317DC9CD8A8E}.Release|Any CPU.ActiveCfg = Release|Any CPU
		{D61453CC-4E8A-45C3-AE10-317DC9CD8A8E}.Release|Any CPU.Build.0 = Release|Any CPU
	EndGlobalSection
	GlobalSection(SolutionProperties) = preSolution
		HideSolutionNode = FALSE
	EndGlobalSection
	GlobalSection(ExtensibilityGlobals) = postSolution
		SolutionGuid = {602F549D-3CD4-421C-A573-A6EF459F31F2}
	EndGlobalSection
EndGlobal
