
Microsoft Visual Studio Solution File, Format Version 12.00
# Visual Studio Version 16
VisualStudioVersion = 16.0.29905.134
MinimumVisualStudioVersion = 10.0.40219.1
Project("{FAE04EC0-301F-11D3-BF4B-00C04F79EFBC}") = "AbsoluteLayoutApp", "AbsoluteLayoutApp\AbsoluteLayoutApp.csproj", "{183AC00F-636D-403E-8EDF-9911CCAB113E}"
EndProject
Global
	GlobalSection(SolutionConfigurationPlatforms) = preSolution
		Debug|Any CPU = Debug|Any CPU
		Release|Any CPU = Release|Any CPU
	EndGlobalSection
	GlobalSection(ProjectConfigurationPlatforms) = postSolution
		{183AC00F-636D-403E-8EDF-9911CCAB113E}.Debug|Any CPU.ActiveCfg = Debug|Any CPU
		{183AC00F-636D-403E-8EDF-9911CCAB113E}.Debug|Any CPU.Build.0 = Debug|Any CPU
		{183AC00F-636D-403E-8EDF-9911CCAB113E}.Debug|Any CPU.Deploy.0 = Debug|Any CPU
		{183AC00F-636D-403E-8EDF-9911CCAB113E}.Release|Any CPU.ActiveCfg = Release|Any CPU
		{183AC00F-636D-403E-8EDF-9911CCAB113E}.Release|Any CPU.Build.0 = Release|Any CPU
		{183AC00F-636D-403E-8EDF-9911CCAB113E}.Release|Any CPU.Deploy.0 = Release|Any CPU
	EndGlobalSection
	GlobalSection(SolutionProperties) = preSolution
		HideSolutionNode = FALSE
	EndGlobalSection
	GlobalSection(ExtensibilityGlobals) = postSolution
		SolutionGuid = {A5354785-3A08-4A0C-A302-4C0E06DEEBA2}
	EndGlobalSection
EndGlobal
